// !$*UTF8*$!
{
	archiveVersion = 1;
	classes = {
	};
	objectVersion = 45;
	objects = {

/* Begin PBXBuildFile section */
		151DD1D91143EF3B0078A9A7 /* au_command.c in Sources */ = {isa = PBXBuildFile; fileRef = 151DD17D1143EF3B0078A9A7 /* au_command.c */; };
		151DD1DA1143EF3B0078A9A7 /* au_none.c in Sources */ = {isa = PBXBuildFile; fileRef = 151DD17E1143EF3B0078A9A7 /* au_none.c */; };
		151DD1DD1143EF3B0078A9A7 /* au_streaming.c in Sources */ = {isa = PBXBuildFile; fileRef = 151DD1811143EF3B0078A9A7 /* au_streaming.c */; };
		151DD1E01143EF3B0078A9A7 /* auclient.c in Sources */ = {isa = PBXBuildFile; fileRef = 151DD1841143EF3B0078A9A7 /* auclient.c */; };
		151DD1E11143EF3B0078A9A7 /* audio.c in Sources */ = {isa = PBXBuildFile; fileRef = 151DD1851143EF3B0078A9A7 /* audio.c */; };
		151DD1E21143EF3B0078A9A7 /* auserver.c in Sources */ = {isa = PBXBuildFile; fileRef = 151DD1861143EF3B0078A9A7 /* auserver.c */; };
		151DD1E41143EF3B0078A9A7 /* cst_cg.c in Sources */ = {isa = PBXBuildFile; fileRef = 151DD18A1143EF3B0078A9A7 /* cst_cg.c */; };
		151DD1E51143EF3B0078A9A7 /* cst_mlpg.c in Sources */ = {isa = PBXBuildFile; fileRef = 151DD18B1143EF3B0078A9A7 /* cst_mlpg.c */; };
		151DD1E61143EF3B0078A9A7 /* cst_mlsa.c in Sources */ = {isa = PBXBuildFile; fileRef = 151DD18D1143EF3B0078A9A7 /* cst_mlsa.c */; };
		151DD1E71143EF3B0078A9A7 /* cst_vc.c in Sources */ = {isa = PBXBuildFile; fileRef = 151DD18F1143EF3B0078A9A7 /* cst_vc.c */; };
		151DD1E91143EF3B0078A9A7 /* cst_ffeature.c in Sources */ = {isa = PBXBuildFile; fileRef = 151DD1931143EF3B0078A9A7 /* cst_ffeature.c */; };
		151DD1EA1143EF3B0078A9A7 /* cst_item.c in Sources */ = {isa = PBXBuildFile; fileRef = 151DD1941143EF3B0078A9A7 /* cst_item.c */; };
		151DD1EB1143EF3B0078A9A7 /* cst_rel_io.c in Sources */ = {isa = PBXBuildFile; fileRef = 151DD1951143EF3B0078A9A7 /* cst_rel_io.c */; };
		151DD1EC1143EF3B0078A9A7 /* cst_relation.c in Sources */ = {isa = PBXBuildFile; fileRef = 151DD1961143EF3B0078A9A7 /* cst_relation.c */; };
		151DD1ED1143EF3B0078A9A7 /* cst_utterance.c in Sources */ = {isa = PBXBuildFile; fileRef = 151DD1971143EF3B0078A9A7 /* cst_utterance.c */; };
		151DD1EF1143EF3B0078A9A7 /* cst_lexicon.c in Sources */ = {isa = PBXBuildFile; fileRef = 151DD19A1143EF3B0078A9A7 /* cst_lexicon.c */; };
		151DD1F01143EF3B0078A9A7 /* cst_lts.c in Sources */ = {isa = PBXBuildFile; fileRef = 151DD19B1143EF3B0078A9A7 /* cst_lts.c */; };
		151DD1F11143EF3B0078A9A7 /* cst_lts_rewrites.c in Sources */ = {isa = PBXBuildFile; fileRef = 151DD19C1143EF3B0078A9A7 /* cst_lts_rewrites.c */; };
		151DD1F41143EF3B0078A9A7 /* cst_regex.c in Sources */ = {isa = PBXBuildFile; fileRef = 151DD1A01143EF3B0078A9A7 /* cst_regex.c */; };
		151DD1F61143EF3B0078A9A7 /* regexp.c in Sources */ = {isa = PBXBuildFile; fileRef = 151DD1A31143EF3B0078A9A7 /* regexp.c */; };
		151DD1F71143EF3B0078A9A7 /* regsub.c in Sources */ = {isa = PBXBuildFile; fileRef = 151DD1A41143EF3B0078A9A7 /* regsub.c */; };
		151DD1F81143EF3B0078A9A7 /* cst_lpcres.c in Sources */ = {isa = PBXBuildFile; fileRef = 151DD1A61143EF3B0078A9A7 /* cst_lpcres.c */; };
		151DD1F91143EF3B0078A9A7 /* cst_track.c in Sources */ = {isa = PBXBuildFile; fileRef = 151DD1A71143EF3B0078A9A7 /* cst_track.c */; };
		151DD1FA1143EF3B0078A9A7 /* cst_track_io.c in Sources */ = {isa = PBXBuildFile; fileRef = 151DD1A81143EF3B0078A9A7 /* cst_track_io.c */; };
		151DD1FB1143EF3B0078A9A7 /* cst_wave.c in Sources */ = {isa = PBXBuildFile; fileRef = 151DD1A91143EF3B0078A9A7 /* cst_wave.c */; };
		151DD1FC1143EF3B0078A9A7 /* cst_wave_io.c in Sources */ = {isa = PBXBuildFile; fileRef = 151DD1AA1143EF3B0078A9A7 /* cst_wave_io.c */; };
		151DD1FD1143EF3B0078A9A7 /* cst_wave_utils.c in Sources */ = {isa = PBXBuildFile; fileRef = 151DD1AB1143EF3B0078A9A7 /* cst_wave_utils.c */; };
		151DD1FF1143EF3B0078A9A7 /* rateconv.c in Sources */ = {isa = PBXBuildFile; fileRef = 151DD1AD1143EF3B0078A9A7 /* rateconv.c */; };
		151DD2001143EF3B0078A9A7 /* cst_cart.c in Sources */ = {isa = PBXBuildFile; fileRef = 151DD1AF1143EF3B0078A9A7 /* cst_cart.c */; };
		151DD2011143EF3B0078A9A7 /* cst_ss.c in Sources */ = {isa = PBXBuildFile; fileRef = 151DD1B01143EF3B0078A9A7 /* cst_ss.c */; };
		151DD2021143EF3B0078A9A7 /* cst_viterbi.c in Sources */ = {isa = PBXBuildFile; fileRef = 151DD1B11143EF3B0078A9A7 /* cst_viterbi.c */; };
		151DD2041143EF3B0078A9A7 /* cst_ffeatures.c in Sources */ = {isa = PBXBuildFile; fileRef = 151DD1B41143EF3B0078A9A7 /* cst_ffeatures.c */; };
		151DD2051143EF3B0078A9A7 /* cst_phoneset.c in Sources */ = {isa = PBXBuildFile; fileRef = 151DD1B51143EF3B0078A9A7 /* cst_phoneset.c */; };
		151DD2061143EF3B0078A9A7 /* cst_ssml.c in Sources */ = {isa = PBXBuildFile; fileRef = 151DD1B61143EF3B0078A9A7 /* cst_ssml.c */; };
		151DD2071143EF3B0078A9A7 /* cst_synth.c in Sources */ = {isa = PBXBuildFile; fileRef = 151DD1B71143EF3B0078A9A7 /* cst_synth.c */; };
		151DD2081143EF3B0078A9A7 /* cst_utt_utils.c in Sources */ = {isa = PBXBuildFile; fileRef = 151DD1B81143EF3B0078A9A7 /* cst_utt_utils.c */; };
		151DD2091143EF3B0078A9A7 /* cst_voice.c in Sources */ = {isa = PBXBuildFile; fileRef = 151DD1B91143EF3B0078A9A7 /* cst_voice.c */; };
		151DD20A1143EF3B0078A9A7 /* flite.c in Sources */ = {isa = PBXBuildFile; fileRef = 151DD1BA1143EF3B0078A9A7 /* flite.c */; };
		151DD20C1143EF3B0078A9A7 /* cst_alloc.c in Sources */ = {isa = PBXBuildFile; fileRef = 151DD1BD1143EF3B0078A9A7 /* cst_alloc.c */; };
		151DD20D1143EF3B0078A9A7 /* cst_args.c in Sources */ = {isa = PBXBuildFile; fileRef = 151DD1BE1143EF3B0078A9A7 /* cst_args.c */; };
		151DD20E1143EF3B0078A9A7 /* cst_endian.c in Sources */ = {isa = PBXBuildFile; fileRef = 151DD1BF1143EF3B0078A9A7 /* cst_endian.c */; };
		151DD20F1143EF3B0078A9A7 /* cst_error.c in Sources */ = {isa = PBXBuildFile; fileRef = 151DD1C01143EF3B0078A9A7 /* cst_error.c */; };
		151DD2101143EF3B0078A9A7 /* cst_features.c in Sources */ = {isa = PBXBuildFile; fileRef = 151DD1C11143EF3B0078A9A7 /* cst_features.c */; };
		151DD2121143EF3B0078A9A7 /* cst_file_stdio.c in Sources */ = {isa = PBXBuildFile; fileRef = 151DD1C31143EF3B0078A9A7 /* cst_file_stdio.c */; };
		151DD2151143EF3B0078A9A7 /* cst_mmap_posix.c in Sources */ = {isa = PBXBuildFile; fileRef = 151DD1C61143EF3B0078A9A7 /* cst_mmap_posix.c */; };
		151DD2171143EF3B0078A9A7 /* cst_socket.c in Sources */ = {isa = PBXBuildFile; fileRef = 151DD1C81143EF3B0078A9A7 /* cst_socket.c */; };
		151DD2181143EF3B0078A9A7 /* cst_string.c in Sources */ = {isa = PBXBuildFile; fileRef = 151DD1C91143EF3B0078A9A7 /* cst_string.c */; };
		151DD2191143EF3B0078A9A7 /* cst_tokenstream.c in Sources */ = {isa = PBXBuildFile; fileRef = 151DD1CA1143EF3B0078A9A7 /* cst_tokenstream.c */; };
		151DD21A1143EF3B0078A9A7 /* cst_val.c in Sources */ = {isa = PBXBuildFile; fileRef = 151DD1CB1143EF3B0078A9A7 /* cst_val.c */; };
		151DD21B1143EF3B0078A9A7 /* cst_val_const.c in Sources */ = {isa = PBXBuildFile; fileRef = 151DD1CC1143EF3B0078A9A7 /* cst_val_const.c */; };
		151DD21C1143EF3B0078A9A7 /* cst_val_user.c in Sources */ = {isa = PBXBuildFile; fileRef = 151DD1CD1143EF3B0078A9A7 /* cst_val_user.c */; };
		151DD21D1143EF3B0078A9A7 /* cst_wchar.c in Sources */ = {isa = PBXBuildFile; fileRef = 151DD1CE1143EF3B0078A9A7 /* cst_wchar.c */; };
		151DD21F1143EF3B0078A9A7 /* cst_clunits.c in Sources */ = {isa = PBXBuildFile; fileRef = 151DD1D11143EF3B0078A9A7 /* cst_clunits.c */; };
		151DD2201143EF3B0078A9A7 /* cst_diphone.c in Sources */ = {isa = PBXBuildFile; fileRef = 151DD1D21143EF3B0078A9A7 /* cst_diphone.c */; };
		151DD2211143EF3B0078A9A7 /* cst_reflpc.c in Sources */ = {isa = PBXBuildFile; fileRef = 151DD1D31143EF3B0078A9A7 /* cst_reflpc.c */; };
		151DD2221143EF3B0078A9A7 /* cst_sigpr.c in Sources */ = {isa = PBXBuildFile; fileRef = 151DD1D41143EF3B0078A9A7 /* cst_sigpr.c */; };
		151DD2231143EF3B0078A9A7 /* cst_sts.c in Sources */ = {isa = PBXBuildFile; fileRef = 151DD1D51143EF3B0078A9A7 /* cst_sts.c */; };
		151DD2241143EF3B0078A9A7 /* cst_units.c in Sources */ = {isa = PBXBuildFile; fileRef = 151DD1D61143EF3B0078A9A7 /* cst_units.c */; };
		151DD357114407310078A9A7 /* cmu_us_kal.c in Sources */ = {isa = PBXBuildFile; fileRef = 151DD2A1114406230078A9A7 /* cmu_us_kal.c */; };
		151DD35A114407420078A9A7 /* cmu_lex.c in Sources */ = {isa = PBXBuildFile; fileRef = 151DD2CF114406230078A9A7 /* cmu_lex.c */; };
		151DD35C114407530078A9A7 /* usenglish.c in Sources */ = {isa = PBXBuildFile; fileRef = 151DD2FD114406230078A9A7 /* usenglish.c */; };
		151DD36F114407E00078A9A7 /* cmu_lts_rules.c in Sources */ = {isa = PBXBuildFile; fileRef = 151DD2D9114406230078A9A7 /* cmu_lts_rules.c */; };
		151DD372114407FC0078A9A7 /* us_text.c in Sources */ = {isa = PBXBuildFile; fileRef = 151DD2FB114406230078A9A7 /* us_text.c */; };
		151DD3751144080F0078A9A7 /* us_phoneset.c in Sources */ = {isa = PBXBuildFile; fileRef = 151DD2F4114406230078A9A7 /* us_phoneset.c */; };
		151DD376114408290078A9A7 /* us_expand.c in Sources */ = {isa = PBXBuildFile; fileRef = 151DD2E7114406230078A9A7 /* us_expand.c */; };
		151DD3791144083C0078A9A7 /* us_f0_model.c in Sources */ = {isa = PBXBuildFile; fileRef = 151DD2E9114406230078A9A7 /* us_f0_model.c */; };
		151DD37C114408490078A9A7 /* us_dur_stats.c in Sources */ = {isa = PBXBuildFile; fileRef = 151DD2E4114406230078A9A7 /* us_dur_stats.c */; };
		151DD37F1144084E0078A9A7 /* us_int_tone_cart.c in Sources */ = {isa = PBXBuildFile; fileRef = 151DD2F0114406230078A9A7 /* us_int_tone_cart.c */; };
		151DD380114408530078A9A7 /* us_nums_cart.c in Sources */ = {isa = PBXBuildFile; fileRef = 151DD2F2114406230078A9A7 /* us_nums_cart.c */; };
		151DD383114408580078A9A7 /* us_int_accent_cart.c in Sources */ = {isa = PBXBuildFile; fileRef = 151DD2EE114406230078A9A7 /* us_int_accent_cart.c */; };
		151DD3861144085D0078A9A7 /* us_phrasing_cart.c in Sources */ = {isa = PBXBuildFile; fileRef = 151DD2F5114406230078A9A7 /* us_phrasing_cart.c */; };
		151DD389114408740078A9A7 /* us_ffeatures.c in Sources */ = {isa = PBXBuildFile; fileRef = 151DD2EB114406230078A9A7 /* us_ffeatures.c */; };
		151DD392114408AF0078A9A7 /* cmu_lex_entries.c in Sources */ = {isa = PBXBuildFile; fileRef = 151DD2D3114406230078A9A7 /* cmu_lex_entries.c */; };
		151DD395114408B70078A9A7 /* cmu_lts_model.c in Sources */ = {isa = PBXBuildFile; fileRef = 151DD2D7114406230078A9A7 /* cmu_lts_model.c */; };
		151DD398114408C00078A9A7 /* cmu_postlex.c in Sources */ = {isa = PBXBuildFile; fileRef = 151DD2DA114406230078A9A7 /* cmu_postlex.c */; };
		151DD39B114408C70078A9A7 /* us_aswd.c in Sources */ = {isa = PBXBuildFile; fileRef = 151DD2E3114406230078A9A7 /* us_aswd.c */; };
		151DD39C114408CA0078A9A7 /* us_durz_cart.c in Sources */ = {isa = PBXBuildFile; fileRef = 151DD2E5114406230078A9A7 /* us_durz_cart.c */; };
		151DD39D114408CD0078A9A7 /* us_gpos.c in Sources */ = {isa = PBXBuildFile; fileRef = 151DD2ED114406230078A9A7 /* us_gpos.c */; };
		151DD3A4114408DB0078A9A7 /* us_pos_cart.c in Sources */ = {isa = PBXBuildFile; fileRef = 151DD2F8114406230078A9A7 /* us_pos_cart.c */; };
		151DD3A7114408F30078A9A7 /* us_f0lr.c in Sources */ = {isa = PBXBuildFile; fileRef = 151DD2EA114406230078A9A7 /* us_f0lr.c */; };
		151DD3AA114409070078A9A7 /* cmu_lex_data.c in Sources */ = {isa = PBXBuildFile; fileRef = 151DD2D1114406230078A9A7 /* cmu_lex_data.c */; };
		151DD3AD114409260078A9A7 /* cmu_us_kal_diphone.c in Sources */ = {isa = PBXBuildFile; fileRef = 151DD2A2114406230078A9A7 /* cmu_us_kal_diphone.c */; };
		151DD3B01144092B0078A9A7 /* cmu_us_kal_lpc.c in Sources */ = {isa = PBXBuildFile; fileRef = 151DD2A3114406230078A9A7 /* cmu_us_kal_lpc.c */; };
		151DD3B11144092D0078A9A7 /* cmu_us_kal_res.c in Sources */ = {isa = PBXBuildFile; fileRef = 151DD2A4114406230078A9A7 /* cmu_us_kal_res.c */; };
		151DD3B4114409380078A9A7 /* cmu_us_kal_residx.c in Sources */ = {isa = PBXBuildFile; fileRef = 151DD2A5114406230078A9A7 /* cmu_us_kal_residx.c */; };
		151DD3D011440CD10078A9A7 /* AudioToolbox.framework in Frameworks */ = {isa = PBXBuildFile; fileRef = 151DD3CF11440CD10078A9A7 /* AudioToolbox.framework */; };
		1D3623260D0F684500981E51 /* iFliteAppDelegate.m in Sources */ = {isa = PBXBuildFile; fileRef = 1D3623250D0F684500981E51 /* iFliteAppDelegate.m */; };
		1D60589B0D05DD56006BFB54 /* main.m in Sources */ = {isa = PBXBuildFile; fileRef = 29B97316FDCFA39411CA2CEA /* main.m */; };
		1D60589F0D05DD5A006BFB54 /* Foundation.framework in Frameworks */ = {isa = PBXBuildFile; fileRef = 1D30AB110D05D00D00671497 /* Foundation.framework */; };
		1DF5F4E00D08C38300B7A737 /* UIKit.framework in Frameworks */ = {isa = PBXBuildFile; fileRef = 1DF5F4DF0D08C38300B7A737 /* UIKit.framework */; };
		280E754D0DD40C5E005A515E /* FlipsideView.xib in Resources */ = {isa = PBXBuildFile; fileRef = 280E754A0DD40C5E005A515E /* FlipsideView.xib */; };
		280E754E0DD40C5E005A515E /* MainView.xib in Resources */ = {isa = PBXBuildFile; fileRef = 280E754B0DD40C5E005A515E /* MainView.xib */; };
		280E754F0DD40C5E005A515E /* MainWindow.xib in Resources */ = {isa = PBXBuildFile; fileRef = 280E754C0DD40C5E005A515E /* MainWindow.xib */; };
		288765590DF743DE002DB57D /* CoreGraphics.framework in Frameworks */ = {isa = PBXBuildFile; fileRef = 288765580DF743DE002DB57D /* CoreGraphics.framework */; };
		289233A60DB2D0840083E9F9 /* FlipsideView.m in Sources */ = {isa = PBXBuildFile; fileRef = 289233A30DB2D0840083E9F9 /* FlipsideView.m */; };
		289233A70DB2D0840083E9F9 /* MainView.m in Sources */ = {isa = PBXBuildFile; fileRef = 289233A50DB2D0840083E9F9 /* MainView.m */; };
		289233AE0DB2D0DB0083E9F9 /* MainViewController.m in Sources */ = {isa = PBXBuildFile; fileRef = 289233A90DB2D0DB0083E9F9 /* MainViewController.m */; };
		289233B00DB2D0DB0083E9F9 /* FlipsideViewController.m in Sources */ = {isa = PBXBuildFile; fileRef = 289233AD0DB2D0DB0083E9F9 /* FlipsideViewController.m */; };
/* End PBXBuildFile section */

/* Begin PBXFileReference section */
		151DD17D1143EF3B0078A9A7 /* au_command.c */ = {isa = PBXFileReference; fileEncoding = 4; lastKnownFileType = sourcecode.c.c; path = au_command.c; sourceTree = "<group>"; };
		151DD17E1143EF3B0078A9A7 /* au_none.c */ = {isa = PBXFileReference; fileEncoding = 4; lastKnownFileType = sourcecode.c.c; path = au_none.c; sourceTree = "<group>"; };
		151DD1811143EF3B0078A9A7 /* au_streaming.c */ = {isa = PBXFileReference; fileEncoding = 4; lastKnownFileType = sourcecode.c.c; path = au_streaming.c; sourceTree = "<group>"; };
		151DD1841143EF3B0078A9A7 /* auclient.c */ = {isa = PBXFileReference; fileEncoding = 4; lastKnownFileType = sourcecode.c.c; path = auclient.c; sourceTree = "<group>"; };
		151DD1851143EF3B0078A9A7 /* audio.c */ = {isa = PBXFileReference; fileEncoding = 4; lastKnownFileType = sourcecode.c.c; path = audio.c; sourceTree = "<group>"; };
		151DD1861143EF3B0078A9A7 /* auserver.c */ = {isa = PBXFileReference; fileEncoding = 4; lastKnownFileType = sourcecode.c.c; path = auserver.c; sourceTree = "<group>"; };
		151DD1881143EF3B0078A9A7 /* native_audio.h */ = {isa = PBXFileReference; fileEncoding = 4; lastKnownFileType = sourcecode.c.h; path = native_audio.h; sourceTree = "<group>"; };
		151DD18A1143EF3B0078A9A7 /* cst_cg.c */ = {isa = PBXFileReference; fileEncoding = 4; lastKnownFileType = sourcecode.c.c; path = cst_cg.c; sourceTree = "<group>"; };
		151DD18B1143EF3B0078A9A7 /* cst_mlpg.c */ = {isa = PBXFileReference; fileEncoding = 4; lastKnownFileType = sourcecode.c.c; path = cst_mlpg.c; sourceTree = "<group>"; };
		151DD18C1143EF3B0078A9A7 /* cst_mlpg.h */ = {isa = PBXFileReference; fileEncoding = 4; lastKnownFileType = sourcecode.c.h; path = cst_mlpg.h; sourceTree = "<group>"; };
		151DD18D1143EF3B0078A9A7 /* cst_mlsa.c */ = {isa = PBXFileReference; fileEncoding = 4; lastKnownFileType = sourcecode.c.c; path = cst_mlsa.c; sourceTree = "<group>"; };
		151DD18E1143EF3B0078A9A7 /* cst_mlsa.h */ = {isa = PBXFileReference; fileEncoding = 4; lastKnownFileType = sourcecode.c.h; path = cst_mlsa.h; sourceTree = "<group>"; };
		151DD18F1143EF3B0078A9A7 /* cst_vc.c */ = {isa = PBXFileReference; fileEncoding = 4; lastKnownFileType = sourcecode.c.c; path = cst_vc.c; sourceTree = "<group>"; };
		151DD1901143EF3B0078A9A7 /* cst_vc.h */ = {isa = PBXFileReference; fileEncoding = 4; lastKnownFileType = sourcecode.c.h; path = cst_vc.h; sourceTree = "<group>"; };
		151DD1931143EF3B0078A9A7 /* cst_ffeature.c */ = {isa = PBXFileReference; fileEncoding = 4; lastKnownFileType = sourcecode.c.c; path = cst_ffeature.c; sourceTree = "<group>"; };
		151DD1941143EF3B0078A9A7 /* cst_item.c */ = {isa = PBXFileReference; fileEncoding = 4; lastKnownFileType = sourcecode.c.c; path = cst_item.c; sourceTree = "<group>"; };
		151DD1951143EF3B0078A9A7 /* cst_rel_io.c */ = {isa = PBXFileReference; fileEncoding = 4; lastKnownFileType = sourcecode.c.c; path = cst_rel_io.c; sourceTree = "<group>"; };
		151DD1961143EF3B0078A9A7 /* cst_relation.c */ = {isa = PBXFileReference; fileEncoding = 4; lastKnownFileType = sourcecode.c.c; path = cst_relation.c; sourceTree = "<group>"; };
		151DD1971143EF3B0078A9A7 /* cst_utterance.c */ = {isa = PBXFileReference; fileEncoding = 4; lastKnownFileType = sourcecode.c.c; path = cst_utterance.c; sourceTree = "<group>"; };
		151DD19A1143EF3B0078A9A7 /* cst_lexicon.c */ = {isa = PBXFileReference; fileEncoding = 4; lastKnownFileType = sourcecode.c.c; path = cst_lexicon.c; sourceTree = "<group>"; };
		151DD19B1143EF3B0078A9A7 /* cst_lts.c */ = {isa = PBXFileReference; fileEncoding = 4; lastKnownFileType = sourcecode.c.c; path = cst_lts.c; sourceTree = "<group>"; };
		151DD19C1143EF3B0078A9A7 /* cst_lts_rewrites.c */ = {isa = PBXFileReference; fileEncoding = 4; lastKnownFileType = sourcecode.c.c; path = cst_lts_rewrites.c; sourceTree = "<group>"; };
		151DD1A01143EF3B0078A9A7 /* cst_regex.c */ = {isa = PBXFileReference; fileEncoding = 4; lastKnownFileType = sourcecode.c.c; path = cst_regex.c; sourceTree = "<group>"; };
		151DD1A11143EF3B0078A9A7 /* cst_regex_defs.h */ = {isa = PBXFileReference; fileEncoding = 4; lastKnownFileType = sourcecode.c.h; path = cst_regex_defs.h; sourceTree = "<group>"; };
		151DD1A31143EF3B0078A9A7 /* regexp.c */ = {isa = PBXFileReference; fileEncoding = 4; lastKnownFileType = sourcecode.c.c; path = regexp.c; sourceTree = "<group>"; };
		151DD1A41143EF3B0078A9A7 /* regsub.c */ = {isa = PBXFileReference; fileEncoding = 4; lastKnownFileType = sourcecode.c.c; path = regsub.c; sourceTree = "<group>"; };
		151DD1A61143EF3B0078A9A7 /* cst_lpcres.c */ = {isa = PBXFileReference; fileEncoding = 4; lastKnownFileType = sourcecode.c.c; path = cst_lpcres.c; sourceTree = "<group>"; };
		151DD1A71143EF3B0078A9A7 /* cst_track.c */ = {isa = PBXFileReference; fileEncoding = 4; lastKnownFileType = sourcecode.c.c; path = cst_track.c; sourceTree = "<group>"; };
		151DD1A81143EF3B0078A9A7 /* cst_track_io.c */ = {isa = PBXFileReference; fileEncoding = 4; lastKnownFileType = sourcecode.c.c; path = cst_track_io.c; sourceTree = "<group>"; };
		151DD1A91143EF3B0078A9A7 /* cst_wave.c */ = {isa = PBXFileReference; fileEncoding = 4; lastKnownFileType = sourcecode.c.c; path = cst_wave.c; sourceTree = "<group>"; };
		151DD1AA1143EF3B0078A9A7 /* cst_wave_io.c */ = {isa = PBXFileReference; fileEncoding = 4; lastKnownFileType = sourcecode.c.c; path = cst_wave_io.c; sourceTree = "<group>"; };
		151DD1AB1143EF3B0078A9A7 /* cst_wave_utils.c */ = {isa = PBXFileReference; fileEncoding = 4; lastKnownFileType = sourcecode.c.c; path = cst_wave_utils.c; sourceTree = "<group>"; };
		151DD1AD1143EF3B0078A9A7 /* rateconv.c */ = {isa = PBXFileReference; fileEncoding = 4; lastKnownFileType = sourcecode.c.c; path = rateconv.c; sourceTree = "<group>"; };
		151DD1AF1143EF3B0078A9A7 /* cst_cart.c */ = {isa = PBXFileReference; fileEncoding = 4; lastKnownFileType = sourcecode.c.c; path = cst_cart.c; sourceTree = "<group>"; };
		151DD1B01143EF3B0078A9A7 /* cst_ss.c */ = {isa = PBXFileReference; fileEncoding = 4; lastKnownFileType = sourcecode.c.c; path = cst_ss.c; sourceTree = "<group>"; };
		151DD1B11143EF3B0078A9A7 /* cst_viterbi.c */ = {isa = PBXFileReference; fileEncoding = 4; lastKnownFileType = sourcecode.c.c; path = cst_viterbi.c; sourceTree = "<group>"; };
		151DD1B41143EF3B0078A9A7 /* cst_ffeatures.c */ = {isa = PBXFileReference; fileEncoding = 4; lastKnownFileType = sourcecode.c.c; path = cst_ffeatures.c; sourceTree = "<group>"; };
		151DD1B51143EF3B0078A9A7 /* cst_phoneset.c */ = {isa = PBXFileReference; fileEncoding = 4; lastKnownFileType = sourcecode.c.c; path = cst_phoneset.c; sourceTree = "<group>"; };
		151DD1B61143EF3B0078A9A7 /* cst_ssml.c */ = {isa = PBXFileReference; fileEncoding = 4; lastKnownFileType = sourcecode.c.c; path = cst_ssml.c; sourceTree = "<group>"; };
		151DD1B71143EF3B0078A9A7 /* cst_synth.c */ = {isa = PBXFileReference; fileEncoding = 4; lastKnownFileType = sourcecode.c.c; path = cst_synth.c; sourceTree = "<group>"; };
		151DD1B81143EF3B0078A9A7 /* cst_utt_utils.c */ = {isa = PBXFileReference; fileEncoding = 4; lastKnownFileType = sourcecode.c.c; path = cst_utt_utils.c; sourceTree = "<group>"; };
		151DD1B91143EF3B0078A9A7 /* cst_voice.c */ = {isa = PBXFileReference; fileEncoding = 4; lastKnownFileType = sourcecode.c.c; path = cst_voice.c; sourceTree = "<group>"; };
		151DD1BA1143EF3B0078A9A7 /* flite.c */ = {isa = PBXFileReference; fileEncoding = 4; lastKnownFileType = sourcecode.c.c; path = flite.c; sourceTree = "<group>"; };
		151DD1BD1143EF3B0078A9A7 /* cst_alloc.c */ = {isa = PBXFileReference; fileEncoding = 4; lastKnownFileType = sourcecode.c.c; path = cst_alloc.c; sourceTree = "<group>"; };
		151DD1BE1143EF3B0078A9A7 /* cst_args.c */ = {isa = PBXFileReference; fileEncoding = 4; lastKnownFileType = sourcecode.c.c; path = cst_args.c; sourceTree = "<group>"; };
		151DD1BF1143EF3B0078A9A7 /* cst_endian.c */ = {isa = PBXFileReference; fileEncoding = 4; lastKnownFileType = sourcecode.c.c; path = cst_endian.c; sourceTree = "<group>"; };
		151DD1C01143EF3B0078A9A7 /* cst_error.c */ = {isa = PBXFileReference; fileEncoding = 4; lastKnownFileType = sourcecode.c.c; path = cst_error.c; sourceTree = "<group>"; };
		151DD1C11143EF3B0078A9A7 /* cst_features.c */ = {isa = PBXFileReference; fileEncoding = 4; lastKnownFileType = sourcecode.c.c; path = cst_features.c; sourceTree = "<group>"; };
		151DD1C31143EF3B0078A9A7 /* cst_file_stdio.c */ = {isa = PBXFileReference; fileEncoding = 4; lastKnownFileType = sourcecode.c.c; path = cst_file_stdio.c; sourceTree = "<group>"; };
		151DD1C51143EF3B0078A9A7 /* cst_mmap_none.c */ = {isa = PBXFileReference; fileEncoding = 4; lastKnownFileType = sourcecode.c.c; path = cst_mmap_none.c; sourceTree = "<group>"; };
		151DD1C61143EF3B0078A9A7 /* cst_mmap_posix.c */ = {isa = PBXFileReference; fileEncoding = 4; lastKnownFileType = sourcecode.c.c; path = cst_mmap_posix.c; sourceTree = "<group>"; };
		151DD1C81143EF3B0078A9A7 /* cst_socket.c */ = {isa = PBXFileReference; fileEncoding = 4; lastKnownFileType = sourcecode.c.c; path = cst_socket.c; sourceTree = "<group>"; };
		151DD1C91143EF3B0078A9A7 /* cst_string.c */ = {isa = PBXFileReference; fileEncoding = 4; lastKnownFileType = sourcecode.c.c; path = cst_string.c; sourceTree = "<group>"; };
		151DD1CA1143EF3B0078A9A7 /* cst_tokenstream.c */ = {isa = PBXFileReference; fileEncoding = 4; lastKnownFileType = sourcecode.c.c; path = cst_tokenstream.c; sourceTree = "<group>"; };
		151DD1CB1143EF3B0078A9A7 /* cst_val.c */ = {isa = PBXFileReference; fileEncoding = 4; lastKnownFileType = sourcecode.c.c; path = cst_val.c; sourceTree = "<group>"; };
		151DD1CC1143EF3B0078A9A7 /* cst_val_const.c */ = {isa = PBXFileReference; fileEncoding = 4; lastKnownFileType = sourcecode.c.c; path = cst_val_const.c; sourceTree = "<group>"; };
		151DD1CD1143EF3B0078A9A7 /* cst_val_user.c */ = {isa = PBXFileReference; fileEncoding = 4; lastKnownFileType = sourcecode.c.c; path = cst_val_user.c; sourceTree = "<group>"; };
		151DD1CE1143EF3B0078A9A7 /* cst_wchar.c */ = {isa = PBXFileReference; fileEncoding = 4; lastKnownFileType = sourcecode.c.c; path = cst_wchar.c; sourceTree = "<group>"; };
		151DD1D11143EF3B0078A9A7 /* cst_clunits.c */ = {isa = PBXFileReference; fileEncoding = 4; lastKnownFileType = sourcecode.c.c; path = cst_clunits.c; sourceTree = "<group>"; };
		151DD1D21143EF3B0078A9A7 /* cst_diphone.c */ = {isa = PBXFileReference; fileEncoding = 4; lastKnownFileType = sourcecode.c.c; path = cst_diphone.c; sourceTree = "<group>"; };
		151DD1D31143EF3B0078A9A7 /* cst_reflpc.c */ = {isa = PBXFileReference; fileEncoding = 4; lastKnownFileType = sourcecode.c.c; path = cst_reflpc.c; sourceTree = "<group>"; };
		151DD1D41143EF3B0078A9A7 /* cst_sigpr.c */ = {isa = PBXFileReference; fileEncoding = 4; lastKnownFileType = sourcecode.c.c; path = cst_sigpr.c; sourceTree = "<group>"; };
		151DD1D51143EF3B0078A9A7 /* cst_sts.c */ = {isa = PBXFileReference; fileEncoding = 4; lastKnownFileType = sourcecode.c.c; path = cst_sts.c; sourceTree = "<group>"; };
		151DD1D61143EF3B0078A9A7 /* cst_units.c */ = {isa = PBXFileReference; fileEncoding = 4; lastKnownFileType = sourcecode.c.c; path = cst_units.c; sourceTree = "<group>"; };
		151DD2291143EF5D0078A9A7 /* cst_alloc.h */ = {isa = PBXFileReference; fileEncoding = 4; lastKnownFileType = sourcecode.c.h; path = cst_alloc.h; sourceTree = "<group>"; };
		151DD22A1143EF5D0078A9A7 /* cst_args.h */ = {isa = PBXFileReference; fileEncoding = 4; lastKnownFileType = sourcecode.c.h; path = cst_args.h; sourceTree = "<group>"; };
		151DD22B1143EF5D0078A9A7 /* cst_audio.h */ = {isa = PBXFileReference; fileEncoding = 4; lastKnownFileType = sourcecode.c.h; path = cst_audio.h; sourceTree = "<group>"; };
		151DD22C1143EF5D0078A9A7 /* cst_cart.h */ = {isa = PBXFileReference; fileEncoding = 4; lastKnownFileType = sourcecode.c.h; path = cst_cart.h; sourceTree = "<group>"; };
		151DD22D1143EF5D0078A9A7 /* cst_cg.h */ = {isa = PBXFileReference; fileEncoding = 4; lastKnownFileType = sourcecode.c.h; path = cst_cg.h; sourceTree = "<group>"; };
		151DD22E1143EF5D0078A9A7 /* cst_clunits.h */ = {isa = PBXFileReference; fileEncoding = 4; lastKnownFileType = sourcecode.c.h; path = cst_clunits.h; sourceTree = "<group>"; };
		151DD22F1143EF5D0078A9A7 /* cst_diphone.h */ = {isa = PBXFileReference; fileEncoding = 4; lastKnownFileType = sourcecode.c.h; path = cst_diphone.h; sourceTree = "<group>"; };
		151DD2301143EF5D0078A9A7 /* cst_endian.h */ = {isa = PBXFileReference; fileEncoding = 4; lastKnownFileType = sourcecode.c.h; path = cst_endian.h; sourceTree = "<group>"; };
		151DD2311143EF5D0078A9A7 /* cst_error.h */ = {isa = PBXFileReference; fileEncoding = 4; lastKnownFileType = sourcecode.c.h; path = cst_error.h; sourceTree = "<group>"; };
		151DD2321143EF5D0078A9A7 /* cst_features.h */ = {isa = PBXFileReference; fileEncoding = 4; lastKnownFileType = sourcecode.c.h; path = cst_features.h; sourceTree = "<group>"; };
		151DD2331143EF5D0078A9A7 /* cst_ffeatures.h */ = {isa = PBXFileReference; fileEncoding = 4; lastKnownFileType = sourcecode.c.h; path = cst_ffeatures.h; sourceTree = "<group>"; };
		151DD2341143EF5D0078A9A7 /* cst_file.h */ = {isa = PBXFileReference; fileEncoding = 4; lastKnownFileType = sourcecode.c.h; path = cst_file.h; sourceTree = "<group>"; };
		151DD2351143EF5D0078A9A7 /* cst_hrg.h */ = {isa = PBXFileReference; fileEncoding = 4; lastKnownFileType = sourcecode.c.h; path = cst_hrg.h; sourceTree = "<group>"; };
		151DD2361143EF5D0078A9A7 /* cst_item.h */ = {isa = PBXFileReference; fileEncoding = 4; lastKnownFileType = sourcecode.c.h; path = cst_item.h; sourceTree = "<group>"; };
		151DD2371143EF5D0078A9A7 /* cst_lexicon.h */ = {isa = PBXFileReference; fileEncoding = 4; lastKnownFileType = sourcecode.c.h; path = cst_lexicon.h; sourceTree = "<group>"; };
		151DD2381143EF5D0078A9A7 /* cst_lts.h */ = {isa = PBXFileReference; fileEncoding = 4; lastKnownFileType = sourcecode.c.h; path = cst_lts.h; sourceTree = "<group>"; };
		151DD2391143EF5D0078A9A7 /* cst_lts_rewrites.h */ = {isa = PBXFileReference; fileEncoding = 4; lastKnownFileType = sourcecode.c.h; path = cst_lts_rewrites.h; sourceTree = "<group>"; };
		151DD23A1143EF5D0078A9A7 /* cst_math.h */ = {isa = PBXFileReference; fileEncoding = 4; lastKnownFileType = sourcecode.c.h; path = cst_math.h; sourceTree = "<group>"; };
		151DD23B1143EF5D0078A9A7 /* cst_phoneset.h */ = {isa = PBXFileReference; fileEncoding = 4; lastKnownFileType = sourcecode.c.h; path = cst_phoneset.h; sourceTree = "<group>"; };
		151DD23C1143EF5D0078A9A7 /* cst_regex.h */ = {isa = PBXFileReference; fileEncoding = 4; lastKnownFileType = sourcecode.c.h; path = cst_regex.h; sourceTree = "<group>"; };
		151DD23D1143EF5D0078A9A7 /* cst_relation.h */ = {isa = PBXFileReference; fileEncoding = 4; lastKnownFileType = sourcecode.c.h; path = cst_relation.h; sourceTree = "<group>"; };
		151DD23E1143EF5D0078A9A7 /* cst_sigpr.h */ = {isa = PBXFileReference; fileEncoding = 4; lastKnownFileType = sourcecode.c.h; path = cst_sigpr.h; sourceTree = "<group>"; };
		151DD23F1143EF5D0078A9A7 /* cst_socket.h */ = {isa = PBXFileReference; fileEncoding = 4; lastKnownFileType = sourcecode.c.h; path = cst_socket.h; sourceTree = "<group>"; };
		151DD2401143EF5D0078A9A7 /* cst_ss.h */ = {isa = PBXFileReference; fileEncoding = 4; lastKnownFileType = sourcecode.c.h; path = cst_ss.h; sourceTree = "<group>"; };
		151DD2411143EF5D0078A9A7 /* cst_string.h */ = {isa = PBXFileReference; fileEncoding = 4; lastKnownFileType = sourcecode.c.h; path = cst_string.h; sourceTree = "<group>"; };
		151DD2421143EF5D0078A9A7 /* cst_sts.h */ = {isa = PBXFileReference; fileEncoding = 4; lastKnownFileType = sourcecode.c.h; path = cst_sts.h; sourceTree = "<group>"; };
		151DD2431143EF5D0078A9A7 /* cst_synth.h */ = {isa = PBXFileReference; fileEncoding = 4; lastKnownFileType = sourcecode.c.h; path = cst_synth.h; sourceTree = "<group>"; };
		151DD2441143EF5D0078A9A7 /* cst_tokenstream.h */ = {isa = PBXFileReference; fileEncoding = 4; lastKnownFileType = sourcecode.c.h; path = cst_tokenstream.h; sourceTree = "<group>"; };
		151DD2451143EF5D0078A9A7 /* cst_track.h */ = {isa = PBXFileReference; fileEncoding = 4; lastKnownFileType = sourcecode.c.h; path = cst_track.h; sourceTree = "<group>"; };
		151DD2461143EF5D0078A9A7 /* cst_units.h */ = {isa = PBXFileReference; fileEncoding = 4; lastKnownFileType = sourcecode.c.h; path = cst_units.h; sourceTree = "<group>"; };
		151DD2471143EF5D0078A9A7 /* cst_utt_utils.h */ = {isa = PBXFileReference; fileEncoding = 4; lastKnownFileType = sourcecode.c.h; path = cst_utt_utils.h; sourceTree = "<group>"; };
		151DD2481143EF5D0078A9A7 /* cst_utterance.h */ = {isa = PBXFileReference; fileEncoding = 4; lastKnownFileType = sourcecode.c.h; path = cst_utterance.h; sourceTree = "<group>"; };
		151DD2491143EF5D0078A9A7 /* cst_val.h */ = {isa = PBXFileReference; fileEncoding = 4; lastKnownFileType = sourcecode.c.h; path = cst_val.h; sourceTree = "<group>"; };
		151DD24A1143EF5D0078A9A7 /* cst_val_const.h */ = {isa = PBXFileReference; fileEncoding = 4; lastKnownFileType = sourcecode.c.h; path = cst_val_const.h; sourceTree = "<group>"; };
		151DD24B1143EF5D0078A9A7 /* cst_val_defs.h */ = {isa = PBXFileReference; fileEncoding = 4; lastKnownFileType = sourcecode.c.h; path = cst_val_defs.h; sourceTree = "<group>"; };
		151DD24C1143EF5D0078A9A7 /* cst_viterbi.h */ = {isa = PBXFileReference; fileEncoding = 4; lastKnownFileType = sourcecode.c.h; path = cst_viterbi.h; sourceTree = "<group>"; };
		151DD24D1143EF5D0078A9A7 /* cst_voice.h */ = {isa = PBXFileReference; fileEncoding = 4; lastKnownFileType = sourcecode.c.h; path = cst_voice.h; sourceTree = "<group>"; };
		151DD24E1143EF5D0078A9A7 /* cst_wave.h */ = {isa = PBXFileReference; fileEncoding = 4; lastKnownFileType = sourcecode.c.h; path = cst_wave.h; sourceTree = "<group>"; };
		151DD24F1143EF5D0078A9A7 /* cst_wchar.h */ = {isa = PBXFileReference; fileEncoding = 4; lastKnownFileType = sourcecode.c.h; path = cst_wchar.h; sourceTree = "<group>"; };
		151DD2501143EF5D0078A9A7 /* flite.h */ = {isa = PBXFileReference; fileEncoding = 4; lastKnownFileType = sourcecode.c.h; path = flite.h; sourceTree = "<group>"; };
		151DD28B114406230078A9A7 /* cmu_time_awb.c */ = {isa = PBXFileReference; fileEncoding = 4; lastKnownFileType = sourcecode.c.c; path = cmu_time_awb.c; sourceTree = "<group>"; };
		151DD28C114406230078A9A7 /* cmu_time_awb_cart.c */ = {isa = PBXFileReference; fileEncoding = 4; lastKnownFileType = sourcecode.c.c; path = cmu_time_awb_cart.c; sourceTree = "<group>"; };
		151DD28D114406230078A9A7 /* cmu_time_awb_clunits.c */ = {isa = PBXFileReference; fileEncoding = 4; lastKnownFileType = sourcecode.c.c; path = cmu_time_awb_clunits.c; sourceTree = "<group>"; };
		151DD28E114406230078A9A7 /* cmu_time_awb_lex_entry.c */ = {isa = PBXFileReference; fileEncoding = 4; lastKnownFileType = sourcecode.c.c; path = cmu_time_awb_lex_entry.c; sourceTree = "<group>"; };
		151DD28F114406230078A9A7 /* cmu_time_awb_lpc.c */ = {isa = PBXFileReference; fileEncoding = 4; lastKnownFileType = sourcecode.c.c; path = cmu_time_awb_lpc.c; sourceTree = "<group>"; };
		151DD290114406230078A9A7 /* cmu_time_awb_mcep.c */ = {isa = PBXFileReference; fileEncoding = 4; lastKnownFileType = sourcecode.c.c; path = cmu_time_awb_mcep.c; sourceTree = "<group>"; };
		151DD292114406230078A9A7 /* voxdefs.h */ = {isa = PBXFileReference; fileEncoding = 4; lastKnownFileType = sourcecode.c.h; path = voxdefs.h; sourceTree = "<group>"; };
		151DD294114406230078A9A7 /* cmu_us_awb.c */ = {isa = PBXFileReference; fileEncoding = 4; lastKnownFileType = sourcecode.c.c; path = cmu_us_awb.c; sourceTree = "<group>"; };
		151DD295114406230078A9A7 /* cmu_us_awb_cg.c */ = {isa = PBXFileReference; fileEncoding = 4; lastKnownFileType = sourcecode.c.c; path = cmu_us_awb_cg.c; sourceTree = "<group>"; };
		151DD296114406230078A9A7 /* cmu_us_awb_cg_durmodel.c */ = {isa = PBXFileReference; fileEncoding = 4; lastKnownFileType = sourcecode.c.c; path = cmu_us_awb_cg_durmodel.c; sourceTree = "<group>"; };
		151DD297114406230078A9A7 /* cmu_us_awb_cg_durmodel.h */ = {isa = PBXFileReference; fileEncoding = 4; lastKnownFileType = sourcecode.c.h; path = cmu_us_awb_cg_durmodel.h; sourceTree = "<group>"; };
		151DD298114406230078A9A7 /* cmu_us_awb_cg_f0_trees.c */ = {isa = PBXFileReference; fileEncoding = 4; lastKnownFileType = sourcecode.c.c; path = cmu_us_awb_cg_f0_trees.c; sourceTree = "<group>"; };
		151DD299114406230078A9A7 /* cmu_us_awb_cg_f0_trees.h */ = {isa = PBXFileReference; fileEncoding = 4; lastKnownFileType = sourcecode.c.h; path = cmu_us_awb_cg_f0_trees.h; sourceTree = "<group>"; };
		151DD29A114406230078A9A7 /* cmu_us_awb_cg_phonestate.c */ = {isa = PBXFileReference; fileEncoding = 4; lastKnownFileType = sourcecode.c.c; path = cmu_us_awb_cg_phonestate.c; sourceTree = "<group>"; };
		151DD29B114406230078A9A7 /* cmu_us_awb_cg_single_mcep_trees.c */ = {isa = PBXFileReference; fileEncoding = 4; lastKnownFileType = sourcecode.c.c; path = cmu_us_awb_cg_single_mcep_trees.c; sourceTree = "<group>"; };
		151DD29C114406230078A9A7 /* cmu_us_awb_cg_single_mcep_trees.h */ = {isa = PBXFileReference; fileEncoding = 4; lastKnownFileType = sourcecode.c.h; path = cmu_us_awb_cg_single_mcep_trees.h; sourceTree = "<group>"; };
		151DD29D114406230078A9A7 /* cmu_us_awb_cg_single_params.c */ = {isa = PBXFileReference; fileEncoding = 4; lastKnownFileType = sourcecode.c.c; path = cmu_us_awb_cg_single_params.c; sourceTree = "<group>"; };
		151DD29F114406230078A9A7 /* voxdefs.h */ = {isa = PBXFileReference; fileEncoding = 4; lastKnownFileType = sourcecode.c.h; path = voxdefs.h; sourceTree = "<group>"; };
		151DD2A1114406230078A9A7 /* cmu_us_kal.c */ = {isa = PBXFileReference; fileEncoding = 4; lastKnownFileType = sourcecode.c.c; path = cmu_us_kal.c; sourceTree = "<group>"; };
		151DD2A2114406230078A9A7 /* cmu_us_kal_diphone.c */ = {isa = PBXFileReference; fileEncoding = 4; lastKnownFileType = sourcecode.c.c; path = cmu_us_kal_diphone.c; sourceTree = "<group>"; };
		151DD2A3114406230078A9A7 /* cmu_us_kal_lpc.c */ = {isa = PBXFileReference; fileEncoding = 4; lastKnownFileType = sourcecode.c.c; path = cmu_us_kal_lpc.c; sourceTree = "<group>"; };
		151DD2A4114406230078A9A7 /* cmu_us_kal_res.c */ = {isa = PBXFileReference; fileEncoding = 4; lastKnownFileType = sourcecode.c.c; path = cmu_us_kal_res.c; sourceTree = "<group>"; };
		151DD2A5114406230078A9A7 /* cmu_us_kal_residx.c */ = {isa = PBXFileReference; fileEncoding = 4; lastKnownFileType = sourcecode.c.c; path = cmu_us_kal_residx.c; sourceTree = "<group>"; };
		151DD2A7114406230078A9A7 /* voxdefs.h */ = {isa = PBXFileReference; fileEncoding = 4; lastKnownFileType = sourcecode.c.h; path = voxdefs.h; sourceTree = "<group>"; };
		151DD2A9114406230078A9A7 /* cmu_us_kal16.c */ = {isa = PBXFileReference; fileEncoding = 4; lastKnownFileType = sourcecode.c.c; path = cmu_us_kal16.c; sourceTree = "<group>"; };
		151DD2AA114406230078A9A7 /* cmu_us_kal16_diphone.c */ = {isa = PBXFileReference; fileEncoding = 4; lastKnownFileType = sourcecode.c.c; path = cmu_us_kal16_diphone.c; sourceTree = "<group>"; };
		151DD2AB114406230078A9A7 /* cmu_us_kal16_lpc.c */ = {isa = PBXFileReference; fileEncoding = 4; lastKnownFileType = sourcecode.c.c; path = cmu_us_kal16_lpc.c; sourceTree = "<group>"; };
		151DD2AC114406230078A9A7 /* cmu_us_kal16_res.c */ = {isa = PBXFileReference; fileEncoding = 4; lastKnownFileType = sourcecode.c.c; path = cmu_us_kal16_res.c; sourceTree = "<group>"; };
		151DD2AD114406230078A9A7 /* cmu_us_kal16_residx.c */ = {isa = PBXFileReference; fileEncoding = 4; lastKnownFileType = sourcecode.c.c; path = cmu_us_kal16_residx.c; sourceTree = "<group>"; };
		151DD2AF114406230078A9A7 /* voxdefs.h */ = {isa = PBXFileReference; fileEncoding = 4; lastKnownFileType = sourcecode.c.h; path = voxdefs.h; sourceTree = "<group>"; };
		151DD2B1114406230078A9A7 /* cmu_us_rms.c */ = {isa = PBXFileReference; fileEncoding = 4; lastKnownFileType = sourcecode.c.c; path = cmu_us_rms.c; sourceTree = "<group>"; };
		151DD2B2114406230078A9A7 /* cmu_us_rms.vcproj */ = {isa = PBXFileReference; fileEncoding = 4; lastKnownFileType = text.xml; path = cmu_us_rms.vcproj; sourceTree = "<group>"; };
		151DD2B3114406230078A9A7 /* cmu_us_rms_cg.c */ = {isa = PBXFileReference; fileEncoding = 4; lastKnownFileType = sourcecode.c.c; path = cmu_us_rms_cg.c; sourceTree = "<group>"; };
		151DD2B4114406230078A9A7 /* cmu_us_rms_cg_durmodel.c */ = {isa = PBXFileReference; fileEncoding = 4; lastKnownFileType = sourcecode.c.c; path = cmu_us_rms_cg_durmodel.c; sourceTree = "<group>"; };
		151DD2B5114406230078A9A7 /* cmu_us_rms_cg_durmodel.h */ = {isa = PBXFileReference; fileEncoding = 4; lastKnownFileType = sourcecode.c.h; path = cmu_us_rms_cg_durmodel.h; sourceTree = "<group>"; };
		151DD2B6114406230078A9A7 /* cmu_us_rms_cg_f0_trees.c */ = {isa = PBXFileReference; fileEncoding = 4; lastKnownFileType = sourcecode.c.c; path = cmu_us_rms_cg_f0_trees.c; sourceTree = "<group>"; };
		151DD2B7114406230078A9A7 /* cmu_us_rms_cg_f0_trees.h */ = {isa = PBXFileReference; fileEncoding = 4; lastKnownFileType = sourcecode.c.h; path = cmu_us_rms_cg_f0_trees.h; sourceTree = "<group>"; };
		151DD2B8114406230078A9A7 /* cmu_us_rms_cg_phonestate.c */ = {isa = PBXFileReference; fileEncoding = 4; lastKnownFileType = sourcecode.c.c; path = cmu_us_rms_cg_phonestate.c; sourceTree = "<group>"; };
		151DD2B9114406230078A9A7 /* cmu_us_rms_cg_single_mcep_trees.c */ = {isa = PBXFileReference; fileEncoding = 4; lastKnownFileType = sourcecode.c.c; path = cmu_us_rms_cg_single_mcep_trees.c; sourceTree = "<group>"; };
		151DD2BA114406230078A9A7 /* cmu_us_rms_cg_single_mcep_trees.h */ = {isa = PBXFileReference; fileEncoding = 4; lastKnownFileType = sourcecode.c.h; path = cmu_us_rms_cg_single_mcep_trees.h; sourceTree = "<group>"; };
		151DD2BB114406230078A9A7 /* cmu_us_rms_cg_single_params.c */ = {isa = PBXFileReference; fileEncoding = 4; lastKnownFileType = sourcecode.c.c; path = cmu_us_rms_cg_single_params.c; sourceTree = "<group>"; };
		151DD2BC114406230078A9A7 /* cmu_us_rms_voice.cpp */ = {isa = PBXFileReference; fileEncoding = 4; lastKnownFileType = sourcecode.cpp.cpp; path = cmu_us_rms_voice.cpp; sourceTree = "<group>"; };
		151DD2C0114406230078A9A7 /* voxdefs.h */ = {isa = PBXFileReference; fileEncoding = 4; lastKnownFileType = sourcecode.c.h; path = voxdefs.h; sourceTree = "<group>"; };
		151DD2C2114406230078A9A7 /* cmu_us_slt.c */ = {isa = PBXFileReference; fileEncoding = 4; lastKnownFileType = sourcecode.c.c; path = cmu_us_slt.c; sourceTree = "<group>"; };
		151DD2C3114406230078A9A7 /* cmu_us_slt_cg.c */ = {isa = PBXFileReference; fileEncoding = 4; lastKnownFileType = sourcecode.c.c; path = cmu_us_slt_cg.c; sourceTree = "<group>"; };
		151DD2C4114406230078A9A7 /* cmu_us_slt_cg_durmodel.c */ = {isa = PBXFileReference; fileEncoding = 4; lastKnownFileType = sourcecode.c.c; path = cmu_us_slt_cg_durmodel.c; sourceTree = "<group>"; };
		151DD2C5114406230078A9A7 /* cmu_us_slt_cg_durmodel.h */ = {isa = PBXFileReference; fileEncoding = 4; lastKnownFileType = sourcecode.c.h; path = cmu_us_slt_cg_durmodel.h; sourceTree = "<group>"; };
		151DD2C6114406230078A9A7 /* cmu_us_slt_cg_f0_trees.c */ = {isa = PBXFileReference; fileEncoding = 4; lastKnownFileType = sourcecode.c.c; path = cmu_us_slt_cg_f0_trees.c; sourceTree = "<group>"; };
		151DD2C7114406230078A9A7 /* cmu_us_slt_cg_f0_trees.h */ = {isa = PBXFileReference; fileEncoding = 4; lastKnownFileType = sourcecode.c.h; path = cmu_us_slt_cg_f0_trees.h; sourceTree = "<group>"; };
		151DD2C8114406230078A9A7 /* cmu_us_slt_cg_phonestate.c */ = {isa = PBXFileReference; fileEncoding = 4; lastKnownFileType = sourcecode.c.c; path = cmu_us_slt_cg_phonestate.c; sourceTree = "<group>"; };
		151DD2C9114406230078A9A7 /* cmu_us_slt_cg_single_mcep_trees.c */ = {isa = PBXFileReference; fileEncoding = 4; lastKnownFileType = sourcecode.c.c; path = cmu_us_slt_cg_single_mcep_trees.c; sourceTree = "<group>"; };
		151DD2CA114406230078A9A7 /* cmu_us_slt_cg_single_mcep_trees.h */ = {isa = PBXFileReference; fileEncoding = 4; lastKnownFileType = sourcecode.c.h; path = cmu_us_slt_cg_single_mcep_trees.h; sourceTree = "<group>"; };
		151DD2CB114406230078A9A7 /* cmu_us_slt_cg_single_params.c */ = {isa = PBXFileReference; fileEncoding = 4; lastKnownFileType = sourcecode.c.c; path = cmu_us_slt_cg_single_params.c; sourceTree = "<group>"; };
		151DD2CD114406230078A9A7 /* voxdefs.h */ = {isa = PBXFileReference; fileEncoding = 4; lastKnownFileType = sourcecode.c.h; path = voxdefs.h; sourceTree = "<group>"; };
		151DD2CF114406230078A9A7 /* cmu_lex.c */ = {isa = PBXFileReference; fileEncoding = 4; lastKnownFileType = sourcecode.c.c; path = cmu_lex.c; sourceTree = "<group>"; };
		151DD2D0114406230078A9A7 /* cmu_lex.h */ = {isa = PBXFileReference; fileEncoding = 4; lastKnownFileType = sourcecode.c.h; path = cmu_lex.h; sourceTree = "<group>"; };
		151DD2D1114406230078A9A7 /* cmu_lex_data.c */ = {isa = PBXFileReference; fileEncoding = 4; lastKnownFileType = sourcecode.c.c; path = cmu_lex_data.c; sourceTree = "<group>"; };
		151DD2D2114406230078A9A7 /* cmu_lex_data_raw.c */ = {isa = PBXFileReference; fileEncoding = 4; lastKnownFileType = sourcecode.c.c; path = cmu_lex_data_raw.c; sourceTree = "<group>"; };
		151DD2D3114406230078A9A7 /* cmu_lex_entries.c */ = {isa = PBXFileReference; fileEncoding = 4; lastKnownFileType = sourcecode.c.c; path = cmu_lex_entries.c; sourceTree = "<group>"; };
		151DD2D4114406230078A9A7 /* cmu_lex_entries_huff_table.c */ = {isa = PBXFileReference; fileEncoding = 4; lastKnownFileType = sourcecode.c.c; path = cmu_lex_entries_huff_table.c; sourceTree = "<group>"; };
		151DD2D5114406230078A9A7 /* cmu_lex_num_bytes.c */ = {isa = PBXFileReference; fileEncoding = 4; lastKnownFileType = sourcecode.c.c; path = cmu_lex_num_bytes.c; sourceTree = "<group>"; };
		151DD2D6114406230078A9A7 /* cmu_lex_phones_huff_table.c */ = {isa = PBXFileReference; fileEncoding = 4; lastKnownFileType = sourcecode.c.c; path = cmu_lex_phones_huff_table.c; sourceTree = "<group>"; };
		151DD2D7114406230078A9A7 /* cmu_lts_model.c */ = {isa = PBXFileReference; fileEncoding = 4; lastKnownFileType = sourcecode.c.c; path = cmu_lts_model.c; sourceTree = "<group>"; };
		151DD2D8114406230078A9A7 /* cmu_lts_model.h */ = {isa = PBXFileReference; fileEncoding = 4; lastKnownFileType = sourcecode.c.h; path = cmu_lts_model.h; sourceTree = "<group>"; };
		151DD2D9114406230078A9A7 /* cmu_lts_rules.c */ = {isa = PBXFileReference; fileEncoding = 4; lastKnownFileType = sourcecode.c.c; path = cmu_lts_rules.c; sourceTree = "<group>"; };
		151DD2DA114406230078A9A7 /* cmu_postlex.c */ = {isa = PBXFileReference; fileEncoding = 4; lastKnownFileType = sourcecode.c.c; path = cmu_postlex.c; sourceTree = "<group>"; };
		151DD2E3114406230078A9A7 /* us_aswd.c */ = {isa = PBXFileReference; fileEncoding = 4; lastKnownFileType = sourcecode.c.c; path = us_aswd.c; sourceTree = "<group>"; };
		151DD2E4114406230078A9A7 /* us_dur_stats.c */ = {isa = PBXFileReference; fileEncoding = 4; lastKnownFileType = sourcecode.c.c; path = us_dur_stats.c; sourceTree = "<group>"; };
		151DD2E5114406230078A9A7 /* us_durz_cart.c */ = {isa = PBXFileReference; fileEncoding = 4; lastKnownFileType = sourcecode.c.c; path = us_durz_cart.c; sourceTree = "<group>"; };
		151DD2E6114406230078A9A7 /* us_durz_cart.h */ = {isa = PBXFileReference; fileEncoding = 4; lastKnownFileType = sourcecode.c.h; path = us_durz_cart.h; sourceTree = "<group>"; };
		151DD2E7114406230078A9A7 /* us_expand.c */ = {isa = PBXFileReference; fileEncoding = 4; lastKnownFileType = sourcecode.c.c; path = us_expand.c; sourceTree = "<group>"; };
		151DD2E8114406230078A9A7 /* us_f0.h */ = {isa = PBXFileReference; fileEncoding = 4; lastKnownFileType = sourcecode.c.h; path = us_f0.h; sourceTree = "<group>"; };
		151DD2E9114406230078A9A7 /* us_f0_model.c */ = {isa = PBXFileReference; fileEncoding = 4; lastKnownFileType = sourcecode.c.c; path = us_f0_model.c; sourceTree = "<group>"; };
		151DD2EA114406230078A9A7 /* us_f0lr.c */ = {isa = PBXFileReference; fileEncoding = 4; lastKnownFileType = sourcecode.c.c; path = us_f0lr.c; sourceTree = "<group>"; };
		151DD2EB114406230078A9A7 /* us_ffeatures.c */ = {isa = PBXFileReference; fileEncoding = 4; lastKnownFileType = sourcecode.c.c; path = us_ffeatures.c; sourceTree = "<group>"; };
		151DD2EC114406230078A9A7 /* us_ffeatures.h */ = {isa = PBXFileReference; fileEncoding = 4; lastKnownFileType = sourcecode.c.h; path = us_ffeatures.h; sourceTree = "<group>"; };
		151DD2ED114406230078A9A7 /* us_gpos.c */ = {isa = PBXFileReference; fileEncoding = 4; lastKnownFileType = sourcecode.c.c; path = us_gpos.c; sourceTree = "<group>"; };
		151DD2EE114406230078A9A7 /* us_int_accent_cart.c */ = {isa = PBXFileReference; fileEncoding = 4; lastKnownFileType = sourcecode.c.c; path = us_int_accent_cart.c; sourceTree = "<group>"; };
		151DD2EF114406230078A9A7 /* us_int_accent_cart.h */ = {isa = PBXFileReference; fileEncoding = 4; lastKnownFileType = sourcecode.c.h; path = us_int_accent_cart.h; sourceTree = "<group>"; };
		151DD2F0114406230078A9A7 /* us_int_tone_cart.c */ = {isa = PBXFileReference; fileEncoding = 4; lastKnownFileType = sourcecode.c.c; path = us_int_tone_cart.c; sourceTree = "<group>"; };
		151DD2F1114406230078A9A7 /* us_int_tone_cart.h */ = {isa = PBXFileReference; fileEncoding = 4; lastKnownFileType = sourcecode.c.h; path = us_int_tone_cart.h; sourceTree = "<group>"; };
		151DD2F2114406230078A9A7 /* us_nums_cart.c */ = {isa = PBXFileReference; fileEncoding = 4; lastKnownFileType = sourcecode.c.c; path = us_nums_cart.c; sourceTree = "<group>"; };
		151DD2F3114406230078A9A7 /* us_nums_cart.h */ = {isa = PBXFileReference; fileEncoding = 4; lastKnownFileType = sourcecode.c.h; path = us_nums_cart.h; sourceTree = "<group>"; };
		151DD2F4114406230078A9A7 /* us_phoneset.c */ = {isa = PBXFileReference; fileEncoding = 4; lastKnownFileType = sourcecode.c.c; path = us_phoneset.c; sourceTree = "<group>"; };
		151DD2F5114406230078A9A7 /* us_phrasing_cart.c */ = {isa = PBXFileReference; fileEncoding = 4; lastKnownFileType = sourcecode.c.c; path = us_phrasing_cart.c; sourceTree = "<group>"; };
		151DD2F6114406230078A9A7 /* us_phrasing_cart.h */ = {isa = PBXFileReference; fileEncoding = 4; lastKnownFileType = sourcecode.c.h; path = us_phrasing_cart.h; sourceTree = "<group>"; };
		151DD2F7114406230078A9A7 /* us_pos.tree */ = {isa = PBXFileReference; fileEncoding = 4; lastKnownFileType = text; path = us_pos.tree; sourceTree = "<group>"; };
		151DD2F8114406230078A9A7 /* us_pos_cart.c */ = {isa = PBXFileReference; fileEncoding = 4; lastKnownFileType = sourcecode.c.c; path = us_pos_cart.c; sourceTree = "<group>"; };
		151DD2F9114406230078A9A7 /* us_pos_cart.h */ = {isa = PBXFileReference; fileEncoding = 4; lastKnownFileType = sourcecode.c.h; path = us_pos_cart.h; sourceTree = "<group>"; };
		151DD2FA114406230078A9A7 /* us_regexes.h */ = {isa = PBXFileReference; fileEncoding = 4; lastKnownFileType = sourcecode.c.h; path = us_regexes.h; sourceTree = "<group>"; };
		151DD2FB114406230078A9A7 /* us_text.c */ = {isa = PBXFileReference; fileEncoding = 4; lastKnownFileType = sourcecode.c.c; path = us_text.c; sourceTree = "<group>"; };
		151DD2FC114406230078A9A7 /* us_text.h */ = {isa = PBXFileReference; fileEncoding = 4; lastKnownFileType = sourcecode.c.h; path = us_text.h; sourceTree = "<group>"; };
		151DD2FD114406230078A9A7 /* usenglish.c */ = {isa = PBXFileReference; fileEncoding = 4; lastKnownFileType = sourcecode.c.c; path = usenglish.c; sourceTree = "<group>"; };
		151DD2FE114406230078A9A7 /* usenglish.h */ = {isa = PBXFileReference; fileEncoding = 4; lastKnownFileType = sourcecode.c.h; path = usenglish.h; sourceTree = "<group>"; };
		151DD3CF11440CD10078A9A7 /* AudioToolbox.framework */ = {isa = PBXFileReference; lastKnownFileType = wrapper.framework; name = AudioToolbox.framework; path = System/Library/Frameworks/AudioToolbox.framework; sourceTree = SDKROOT; };
		1D30AB110D05D00D00671497 /* Foundation.framework */ = {isa = PBXFileReference; lastKnownFileType = wrapper.framework; name = Foundation.framework; path = System/Library/Frameworks/Foundation.framework; sourceTree = SDKROOT; };
		1D3623240D0F684500981E51 /* iFliteAppDelegate.h */ = {isa = PBXFileReference; fileEncoding = 4; lastKnownFileType = sourcecode.c.h; path = iFliteAppDelegate.h; sourceTree = "<group>"; };
		1D3623250D0F684500981E51 /* iFliteAppDelegate.m */ = {isa = PBXFileReference; fileEncoding = 4; lastKnownFileType = sourcecode.c.objc; path = iFliteAppDelegate.m; sourceTree = "<group>"; };
		1D6058910D05DD3D006BFB54 /* iFlite.app */ = {isa = PBXFileReference; explicitFileType = wrapper.application; includeInIndex = 0; path = iFlite.app; sourceTree = BUILT_PRODUCTS_DIR; };
		1DF5F4DF0D08C38300B7A737 /* UIKit.framework */ = {isa = PBXFileReference; lastKnownFileType = wrapper.framework; name = UIKit.framework; path = System/Library/Frameworks/UIKit.framework; sourceTree = SDKROOT; };
		280E754A0DD40C5E005A515E /* FlipsideView.xib */ = {isa = PBXFileReference; lastKnownFileType = file.xib; path = FlipsideView.xib; sourceTree = "<group>"; };
		280E754B0DD40C5E005A515E /* MainView.xib */ = {isa = PBXFileReference; lastKnownFileType = file.xib; path = MainView.xib; sourceTree = "<group>"; };
		280E754C0DD40C5E005A515E /* MainWindow.xib */ = {isa = PBXFileReference; lastKnownFileType = file.xib; path = MainWindow.xib; sourceTree = "<group>"; };
		288765580DF743DE002DB57D /* CoreGraphics.framework */ = {isa = PBXFileReference; lastKnownFileType = wrapper.framework; name = CoreGraphics.framework; path = System/Library/Frameworks/CoreGraphics.framework; sourceTree = SDKROOT; };
		289233A20DB2D0840083E9F9 /* FlipsideView.h */ = {isa = PBXFileReference; fileEncoding = 4; lastKnownFileType = sourcecode.c.h; name = FlipsideView.h; path = Classes/FlipsideView.h; sourceTree = "<group>"; };
		289233A30DB2D0840083E9F9 /* FlipsideView.m */ = {isa = PBXFileReference; fileEncoding = 4; lastKnownFileType = sourcecode.c.objc; name = FlipsideView.m; path = Classes/FlipsideView.m; sourceTree = "<group>"; };
		289233A40DB2D0840083E9F9 /* MainView.h */ = {isa = PBXFileReference; fileEncoding = 4; lastKnownFileType = sourcecode.c.h; name = MainView.h; path = Classes/MainView.h; sourceTree = "<group>"; };
		289233A50DB2D0840083E9F9 /* MainView.m */ = {isa = PBXFileReference; fileEncoding = 4; lastKnownFileType = sourcecode.c.objc; name = MainView.m; path = Classes/MainView.m; sourceTree = "<group>"; };
		289233A80DB2D0DB0083E9F9 /* MainViewController.h */ = {isa = PBXFileReference; fileEncoding = 4; lastKnownFileType = sourcecode.c.h; name = MainViewController.h; path = Classes/MainViewController.h; sourceTree = "<group>"; };
		289233A90DB2D0DB0083E9F9 /* MainViewController.m */ = {isa = PBXFileReference; fileEncoding = 4; lastKnownFileType = sourcecode.c.objc; name = MainViewController.m; path = Classes/MainViewController.m; sourceTree = "<group>"; };
		289233AC0DB2D0DB0083E9F9 /* FlipsideViewController.h */ = {isa = PBXFileReference; fileEncoding = 4; lastKnownFileType = sourcecode.c.h; name = FlipsideViewController.h; path = Classes/FlipsideViewController.h; sourceTree = "<group>"; };
		289233AD0DB2D0DB0083E9F9 /* FlipsideViewController.m */ = {isa = PBXFileReference; fileEncoding = 4; lastKnownFileType = sourcecode.c.objc; name = FlipsideViewController.m; path = Classes/FlipsideViewController.m; sourceTree = "<group>"; };
		29B97316FDCFA39411CA2CEA /* main.m */ = {isa = PBXFileReference; fileEncoding = 4; lastKnownFileType = sourcecode.c.objc; path = main.m; sourceTree = "<group>"; };
		32CA4F630368D1EE00C91783 /* iFlite_Prefix.pch */ = {isa = PBXFileReference; fileEncoding = 4; lastKnownFileType = sourcecode.c.h; path = iFlite_Prefix.pch; sourceTree = "<group>"; };
		8D1107310486CEB800E47090 /* iFlite-Info.plist */ = {isa = PBXFileReference; fileEncoding = 4; lastKnownFileType = text.plist.xml; path = "iFlite-Info.plist"; plistStructureDefinitionIdentifier = "com.apple.xcode.plist.structure-definition.iphone.info-plist"; sourceTree = "<group>"; };
/* End PBXFileReference section */

/* Begin PBXFrameworksBuildPhase section */
		1D60588F0D05DD3D006BFB54 /* Frameworks */ = {
			isa = PBXFrameworksBuildPhase;
			buildActionMask = 2147483647;
			files = (
				1D60589F0D05DD5A006BFB54 /* Foundation.framework in Frameworks */,
				1DF5F4E00D08C38300B7A737 /* UIKit.framework in Frameworks */,
				288765590DF743DE002DB57D /* CoreGraphics.framework in Frameworks */,
				151DD3D011440CD10078A9A7 /* AudioToolbox.framework in Frameworks */,
			);
			runOnlyForDeploymentPostprocessing = 0;
		};
/* End PBXFrameworksBuildPhase section */

/* Begin PBXGroup section */
		080E96DDFE201D6D7F000001 /* Application Delegate */ = {
			isa = PBXGroup;
			children = (
				1D3623240D0F684500981E51 /* iFliteAppDelegate.h */,
				1D3623250D0F684500981E51 /* iFliteAppDelegate.m */,
			);
			name = "Application Delegate";
			path = Classes;
			sourceTree = "<group>";
		};
		151DD1791143EF130078A9A7 /* flite */ = {
			isa = PBXGroup;
			children = (
				151DD289114406230078A9A7 /* lang */,
				151DD2281143EF5D0078A9A7 /* include */,
				151DD17A1143EF3B0078A9A7 /* src */,
			);
			name = flite;
			sourceTree = "<group>";
		};
		151DD17A1143EF3B0078A9A7 /* src */ = {
			isa = PBXGroup;
			children = (
				151DD17B1143EF3B0078A9A7 /* audio */,
				151DD1891143EF3B0078A9A7 /* cg */,
				151DD1921143EF3B0078A9A7 /* hrg */,
				151DD1991143EF3B0078A9A7 /* lexicon */,
				151DD19F1143EF3B0078A9A7 /* regex */,
				151DD1A51143EF3B0078A9A7 /* speech */,
				151DD1AE1143EF3B0078A9A7 /* stats */,
				151DD1B31143EF3B0078A9A7 /* synth */,
				151DD1BC1143EF3B0078A9A7 /* utils */,
				151DD1D01143EF3B0078A9A7 /* wavesynth */,
			);
			name = src;
			path = lib/flite/src;
			sourceTree = "<group>";
		};
		151DD17B1143EF3B0078A9A7 /* audio */ = {
			isa = PBXGroup;
			children = (
				151DD17D1143EF3B0078A9A7 /* au_command.c */,
				151DD17E1143EF3B0078A9A7 /* au_none.c */,
				151DD1811143EF3B0078A9A7 /* au_streaming.c */,
				151DD1841143EF3B0078A9A7 /* auclient.c */,
				151DD1851143EF3B0078A9A7 /* audio.c */,
				151DD1861143EF3B0078A9A7 /* auserver.c */,
				151DD1881143EF3B0078A9A7 /* native_audio.h */,
			);
			path = audio;
			sourceTree = "<group>";
		};
		151DD1891143EF3B0078A9A7 /* cg */ = {
			isa = PBXGroup;
			children = (
				151DD18A1143EF3B0078A9A7 /* cst_cg.c */,
				151DD18B1143EF3B0078A9A7 /* cst_mlpg.c */,
				151DD18C1143EF3B0078A9A7 /* cst_mlpg.h */,
				151DD18D1143EF3B0078A9A7 /* cst_mlsa.c */,
				151DD18E1143EF3B0078A9A7 /* cst_mlsa.h */,
				151DD18F1143EF3B0078A9A7 /* cst_vc.c */,
				151DD1901143EF3B0078A9A7 /* cst_vc.h */,
			);
			path = cg;
			sourceTree = "<group>";
		};
		151DD1921143EF3B0078A9A7 /* hrg */ = {
			isa = PBXGroup;
			children = (
				151DD1931143EF3B0078A9A7 /* cst_ffeature.c */,
				151DD1941143EF3B0078A9A7 /* cst_item.c */,
				151DD1951143EF3B0078A9A7 /* cst_rel_io.c */,
				151DD1961143EF3B0078A9A7 /* cst_relation.c */,
				151DD1971143EF3B0078A9A7 /* cst_utterance.c */,
			);
			path = hrg;
			sourceTree = "<group>";
		};
		151DD1991143EF3B0078A9A7 /* lexicon */ = {
			isa = PBXGroup;
			children = (
				151DD19A1143EF3B0078A9A7 /* cst_lexicon.c */,
				151DD19B1143EF3B0078A9A7 /* cst_lts.c */,
				151DD19C1143EF3B0078A9A7 /* cst_lts_rewrites.c */,
			);
			path = lexicon;
			sourceTree = "<group>";
		};
		151DD19F1143EF3B0078A9A7 /* regex */ = {
			isa = PBXGroup;
			children = (
				151DD1A01143EF3B0078A9A7 /* cst_regex.c */,
				151DD1A11143EF3B0078A9A7 /* cst_regex_defs.h */,
				151DD1A31143EF3B0078A9A7 /* regexp.c */,
				151DD1A41143EF3B0078A9A7 /* regsub.c */,
			);
			path = regex;
			sourceTree = "<group>";
		};
		151DD1A51143EF3B0078A9A7 /* speech */ = {
			isa = PBXGroup;
			children = (
				151DD1A61143EF3B0078A9A7 /* cst_lpcres.c */,
				151DD1A71143EF3B0078A9A7 /* cst_track.c */,
				151DD1A81143EF3B0078A9A7 /* cst_track_io.c */,
				151DD1A91143EF3B0078A9A7 /* cst_wave.c */,
				151DD1AA1143EF3B0078A9A7 /* cst_wave_io.c */,
				151DD1AB1143EF3B0078A9A7 /* cst_wave_utils.c */,
				151DD1AD1143EF3B0078A9A7 /* rateconv.c */,
			);
			path = speech;
			sourceTree = "<group>";
		};
		151DD1AE1143EF3B0078A9A7 /* stats */ = {
			isa = PBXGroup;
			children = (
				151DD1AF1143EF3B0078A9A7 /* cst_cart.c */,
				151DD1B01143EF3B0078A9A7 /* cst_ss.c */,
				151DD1B11143EF3B0078A9A7 /* cst_viterbi.c */,
			);
			path = stats;
			sourceTree = "<group>";
		};
		151DD1B31143EF3B0078A9A7 /* synth */ = {
			isa = PBXGroup;
			children = (
				151DD1B41143EF3B0078A9A7 /* cst_ffeatures.c */,
				151DD1B51143EF3B0078A9A7 /* cst_phoneset.c */,
				151DD1B61143EF3B0078A9A7 /* cst_ssml.c */,
				151DD1B71143EF3B0078A9A7 /* cst_synth.c */,
				151DD1B81143EF3B0078A9A7 /* cst_utt_utils.c */,
				151DD1B91143EF3B0078A9A7 /* cst_voice.c */,
				151DD1BA1143EF3B0078A9A7 /* flite.c */,
			);
			path = synth;
			sourceTree = "<group>";
		};
		151DD1BC1143EF3B0078A9A7 /* utils */ = {
			isa = PBXGroup;
			children = (
				151DD1BD1143EF3B0078A9A7 /* cst_alloc.c */,
				151DD1BE1143EF3B0078A9A7 /* cst_args.c */,
				151DD1BF1143EF3B0078A9A7 /* cst_endian.c */,
				151DD1C01143EF3B0078A9A7 /* cst_error.c */,
				151DD1C11143EF3B0078A9A7 /* cst_features.c */,
				151DD1C31143EF3B0078A9A7 /* cst_file_stdio.c */,
				151DD1C51143EF3B0078A9A7 /* cst_mmap_none.c */,
				151DD1C61143EF3B0078A9A7 /* cst_mmap_posix.c */,
				151DD1C81143EF3B0078A9A7 /* cst_socket.c */,
				151DD1C91143EF3B0078A9A7 /* cst_string.c */,
				151DD1CA1143EF3B0078A9A7 /* cst_tokenstream.c */,
				151DD1CB1143EF3B0078A9A7 /* cst_val.c */,
				151DD1CC1143EF3B0078A9A7 /* cst_val_const.c */,
				151DD1CD1143EF3B0078A9A7 /* cst_val_user.c */,
				151DD1CE1143EF3B0078A9A7 /* cst_wchar.c */,
			);
			path = utils;
			sourceTree = "<group>";
		};
		151DD1D01143EF3B0078A9A7 /* wavesynth */ = {
			isa = PBXGroup;
			children = (
				151DD1D11143EF3B0078A9A7 /* cst_clunits.c */,
				151DD1D21143EF3B0078A9A7 /* cst_diphone.c */,
				151DD1D31143EF3B0078A9A7 /* cst_reflpc.c */,
				151DD1D41143EF3B0078A9A7 /* cst_sigpr.c */,
				151DD1D51143EF3B0078A9A7 /* cst_sts.c */,
				151DD1D61143EF3B0078A9A7 /* cst_units.c */,
			);
			path = wavesynth;
			sourceTree = "<group>";
		};
		151DD2281143EF5D0078A9A7 /* include */ = {
			isa = PBXGroup;
			children = (
				151DD2291143EF5D0078A9A7 /* cst_alloc.h */,
				151DD22A1143EF5D0078A9A7 /* cst_args.h */,
				151DD22B1143EF5D0078A9A7 /* cst_audio.h */,
				151DD22C1143EF5D0078A9A7 /* cst_cart.h */,
				151DD22D1143EF5D0078A9A7 /* cst_cg.h */,
				151DD22E1143EF5D0078A9A7 /* cst_clunits.h */,
				151DD22F1143EF5D0078A9A7 /* cst_diphone.h */,
				151DD2301143EF5D0078A9A7 /* cst_endian.h */,
				151DD2311143EF5D0078A9A7 /* cst_error.h */,
				151DD2321143EF5D0078A9A7 /* cst_features.h */,
				151DD2331143EF5D0078A9A7 /* cst_ffeatures.h */,
				151DD2341143EF5D0078A9A7 /* cst_file.h */,
				151DD2351143EF5D0078A9A7 /* cst_hrg.h */,
				151DD2361143EF5D0078A9A7 /* cst_item.h */,
				151DD2371143EF5D0078A9A7 /* cst_lexicon.h */,
				151DD2381143EF5D0078A9A7 /* cst_lts.h */,
				151DD2391143EF5D0078A9A7 /* cst_lts_rewrites.h */,
				151DD23A1143EF5D0078A9A7 /* cst_math.h */,
				151DD23B1143EF5D0078A9A7 /* cst_phoneset.h */,
				151DD23C1143EF5D0078A9A7 /* cst_regex.h */,
				151DD23D1143EF5D0078A9A7 /* cst_relation.h */,
				151DD23E1143EF5D0078A9A7 /* cst_sigpr.h */,
				151DD23F1143EF5D0078A9A7 /* cst_socket.h */,
				151DD2401143EF5D0078A9A7 /* cst_ss.h */,
				151DD2411143EF5D0078A9A7 /* cst_string.h */,
				151DD2421143EF5D0078A9A7 /* cst_sts.h */,
				151DD2431143EF5D0078A9A7 /* cst_synth.h */,
				151DD2441143EF5D0078A9A7 /* cst_tokenstream.h */,
				151DD2451143EF5D0078A9A7 /* cst_track.h */,
				151DD2461143EF5D0078A9A7 /* cst_units.h */,
				151DD2471143EF5D0078A9A7 /* cst_utt_utils.h */,
				151DD2481143EF5D0078A9A7 /* cst_utterance.h */,
				151DD2491143EF5D0078A9A7 /* cst_val.h */,
				151DD24A1143EF5D0078A9A7 /* cst_val_const.h */,
				151DD24B1143EF5D0078A9A7 /* cst_val_defs.h */,
				151DD24C1143EF5D0078A9A7 /* cst_viterbi.h */,
				151DD24D1143EF5D0078A9A7 /* cst_voice.h */,
				151DD24E1143EF5D0078A9A7 /* cst_wave.h */,
				151DD24F1143EF5D0078A9A7 /* cst_wchar.h */,
				151DD2501143EF5D0078A9A7 /* flite.h */,
			);
			name = include;
			path = lib/flite/include;
			sourceTree = "<group>";
		};
		151DD289114406230078A9A7 /* lang */ = {
			isa = PBXGroup;
			children = (
				151DD28A114406230078A9A7 /* cmu_time_awb */,
				151DD293114406230078A9A7 /* cmu_us_awb */,
				151DD2A0114406230078A9A7 /* cmu_us_kal */,
				151DD2A8114406230078A9A7 /* cmu_us_kal16 */,
				151DD2B0114406230078A9A7 /* cmu_us_rms */,
				151DD2C1114406230078A9A7 /* cmu_us_slt */,
				151DD2CE114406230078A9A7 /* cmulex */,
				151DD2DF114406230078A9A7 /* usenglish */,
			);
			name = lang;
			path = lib/flite/lang;
			sourceTree = "<group>";
		};
		151DD28A114406230078A9A7 /* cmu_time_awb */ = {
			isa = PBXGroup;
			children = (
				151DD28B114406230078A9A7 /* cmu_time_awb.c */,
				151DD28C114406230078A9A7 /* cmu_time_awb_cart.c */,
				151DD28D114406230078A9A7 /* cmu_time_awb_clunits.c */,
				151DD28E114406230078A9A7 /* cmu_time_awb_lex_entry.c */,
				151DD28F114406230078A9A7 /* cmu_time_awb_lpc.c */,
				151DD290114406230078A9A7 /* cmu_time_awb_mcep.c */,
				151DD292114406230078A9A7 /* voxdefs.h */,
			);
			path = cmu_time_awb;
			sourceTree = "<group>";
		};
		151DD293114406230078A9A7 /* cmu_us_awb */ = {
			isa = PBXGroup;
			children = (
				151DD294114406230078A9A7 /* cmu_us_awb.c */,
				151DD295114406230078A9A7 /* cmu_us_awb_cg.c */,
				151DD296114406230078A9A7 /* cmu_us_awb_cg_durmodel.c */,
				151DD297114406230078A9A7 /* cmu_us_awb_cg_durmodel.h */,
				151DD298114406230078A9A7 /* cmu_us_awb_cg_f0_trees.c */,
				151DD299114406230078A9A7 /* cmu_us_awb_cg_f0_trees.h */,
				151DD29A114406230078A9A7 /* cmu_us_awb_cg_phonestate.c */,
				151DD29B114406230078A9A7 /* cmu_us_awb_cg_single_mcep_trees.c */,
				151DD29C114406230078A9A7 /* cmu_us_awb_cg_single_mcep_trees.h */,
				151DD29D114406230078A9A7 /* cmu_us_awb_cg_single_params.c */,
				151DD29F114406230078A9A7 /* voxdefs.h */,
			);
			path = cmu_us_awb;
			sourceTree = "<group>";
		};
		151DD2A0114406230078A9A7 /* cmu_us_kal */ = {
			isa = PBXGroup;
			children = (
				151DD2A1114406230078A9A7 /* cmu_us_kal.c */,
				151DD2A2114406230078A9A7 /* cmu_us_kal_diphone.c */,
				151DD2A3114406230078A9A7 /* cmu_us_kal_lpc.c */,
				151DD2A4114406230078A9A7 /* cmu_us_kal_res.c */,
				151DD2A5114406230078A9A7 /* cmu_us_kal_residx.c */,
				151DD2A7114406230078A9A7 /* voxdefs.h */,
			);
			path = cmu_us_kal;
			sourceTree = "<group>";
		};
		151DD2A8114406230078A9A7 /* cmu_us_kal16 */ = {
			isa = PBXGroup;
			children = (
				151DD2A9114406230078A9A7 /* cmu_us_kal16.c */,
				151DD2AA114406230078A9A7 /* cmu_us_kal16_diphone.c */,
				151DD2AB114406230078A9A7 /* cmu_us_kal16_lpc.c */,
				151DD2AC114406230078A9A7 /* cmu_us_kal16_res.c */,
				151DD2AD114406230078A9A7 /* cmu_us_kal16_residx.c */,
				151DD2AF114406230078A9A7 /* voxdefs.h */,
			);
			path = cmu_us_kal16;
			sourceTree = "<group>";
		};
		151DD2B0114406230078A9A7 /* cmu_us_rms */ = {
			isa = PBXGroup;
			children = (
				151DD2B1114406230078A9A7 /* cmu_us_rms.c */,
				151DD2B2114406230078A9A7 /* cmu_us_rms.vcproj */,
				151DD2B3114406230078A9A7 /* cmu_us_rms_cg.c */,
				151DD2B4114406230078A9A7 /* cmu_us_rms_cg_durmodel.c */,
				151DD2B5114406230078A9A7 /* cmu_us_rms_cg_durmodel.h */,
				151DD2B6114406230078A9A7 /* cmu_us_rms_cg_f0_trees.c */,
				151DD2B7114406230078A9A7 /* cmu_us_rms_cg_f0_trees.h */,
				151DD2B8114406230078A9A7 /* cmu_us_rms_cg_phonestate.c */,
				151DD2B9114406230078A9A7 /* cmu_us_rms_cg_single_mcep_trees.c */,
				151DD2BA114406230078A9A7 /* cmu_us_rms_cg_single_mcep_trees.h */,
				151DD2BB114406230078A9A7 /* cmu_us_rms_cg_single_params.c */,
				151DD2BC114406230078A9A7 /* cmu_us_rms_voice.cpp */,
				151DD2C0114406230078A9A7 /* voxdefs.h */,
			);
			path = cmu_us_rms;
			sourceTree = "<group>";
		};
		151DD2C1114406230078A9A7 /* cmu_us_slt */ = {
			isa = PBXGroup;
			children = (
				151DD2C2114406230078A9A7 /* cmu_us_slt.c */,
				151DD2C3114406230078A9A7 /* cmu_us_slt_cg.c */,
				151DD2C4114406230078A9A7 /* cmu_us_slt_cg_durmodel.c */,
				151DD2C5114406230078A9A7 /* cmu_us_slt_cg_durmodel.h */,
				151DD2C6114406230078A9A7 /* cmu_us_slt_cg_f0_trees.c */,
				151DD2C7114406230078A9A7 /* cmu_us_slt_cg_f0_trees.h */,
				151DD2C8114406230078A9A7 /* cmu_us_slt_cg_phonestate.c */,
				151DD2C9114406230078A9A7 /* cmu_us_slt_cg_single_mcep_trees.c */,
				151DD2CA114406230078A9A7 /* cmu_us_slt_cg_single_mcep_trees.h */,
				151DD2CB114406230078A9A7 /* cmu_us_slt_cg_single_params.c */,
				151DD2CD114406230078A9A7 /* voxdefs.h */,
			);
			path = cmu_us_slt;
			sourceTree = "<group>";
		};
		151DD2CE114406230078A9A7 /* cmulex */ = {
			isa = PBXGroup;
			children = (
				151DD2CF114406230078A9A7 /* cmu_lex.c */,
				151DD2D0114406230078A9A7 /* cmu_lex.h */,
				151DD2D1114406230078A9A7 /* cmu_lex_data.c */,
				151DD2D2114406230078A9A7 /* cmu_lex_data_raw.c */,
				151DD2D3114406230078A9A7 /* cmu_lex_entries.c */,
				151DD2D4114406230078A9A7 /* cmu_lex_entries_huff_table.c */,
				151DD2D5114406230078A9A7 /* cmu_lex_num_bytes.c */,
				151DD2D6114406230078A9A7 /* cmu_lex_phones_huff_table.c */,
				151DD2D7114406230078A9A7 /* cmu_lts_model.c */,
				151DD2D8114406230078A9A7 /* cmu_lts_model.h */,
				151DD2D9114406230078A9A7 /* cmu_lts_rules.c */,
				151DD2DA114406230078A9A7 /* cmu_postlex.c */,
			);
			path = cmulex;
			sourceTree = "<group>";
		};
		151DD2DF114406230078A9A7 /* usenglish */ = {
			isa = PBXGroup;
			children = (
				151DD2E3114406230078A9A7 /* us_aswd.c */,
				151DD2E4114406230078A9A7 /* us_dur_stats.c */,
				151DD2E5114406230078A9A7 /* us_durz_cart.c */,
				151DD2E6114406230078A9A7 /* us_durz_cart.h */,
				151DD2E7114406230078A9A7 /* us_expand.c */,
				151DD2E8114406230078A9A7 /* us_f0.h */,
				151DD2E9114406230078A9A7 /* us_f0_model.c */,
				151DD2EA114406230078A9A7 /* us_f0lr.c */,
				151DD2EB114406230078A9A7 /* us_ffeatures.c */,
				151DD2EC114406230078A9A7 /* us_ffeatures.h */,
				151DD2ED114406230078A9A7 /* us_gpos.c */,
				151DD2EE114406230078A9A7 /* us_int_accent_cart.c */,
				151DD2EF114406230078A9A7 /* us_int_accent_cart.h */,
				151DD2F0114406230078A9A7 /* us_int_tone_cart.c */,
				151DD2F1114406230078A9A7 /* us_int_tone_cart.h */,
				151DD2F2114406230078A9A7 /* us_nums_cart.c */,
				151DD2F3114406230078A9A7 /* us_nums_cart.h */,
				151DD2F4114406230078A9A7 /* us_phoneset.c */,
				151DD2F5114406230078A9A7 /* us_phrasing_cart.c */,
				151DD2F6114406230078A9A7 /* us_phrasing_cart.h */,
				151DD2F7114406230078A9A7 /* us_pos.tree */,
				151DD2F8114406230078A9A7 /* us_pos_cart.c */,
				151DD2F9114406230078A9A7 /* us_pos_cart.h */,
				151DD2FA114406230078A9A7 /* us_regexes.h */,
				151DD2FB114406230078A9A7 /* us_text.c */,
				151DD2FC114406230078A9A7 /* us_text.h */,
				151DD2FD114406230078A9A7 /* usenglish.c */,
				151DD2FE114406230078A9A7 /* usenglish.h */,
			);
			path = usenglish;
			sourceTree = "<group>";
		};
		19C28FACFE9D520D11CA2CBB /* Products */ = {
			isa = PBXGroup;
			children = (
				1D6058910D05DD3D006BFB54 /* iFlite.app */,
			);
			name = Products;
			sourceTree = "<group>";
		};
		281C6CD70DB2D82200F60ACC /* Flipside View */ = {
			isa = PBXGroup;
			children = (
				289233A20DB2D0840083E9F9 /* FlipsideView.h */,
				289233A30DB2D0840083E9F9 /* FlipsideView.m */,
				289233AC0DB2D0DB0083E9F9 /* FlipsideViewController.h */,
				289233AD0DB2D0DB0083E9F9 /* FlipsideViewController.m */,
			);
			name = "Flipside View";
			sourceTree = "<group>";
		};
		289233A00DB2D0730083E9F9 /* Main View */ = {
			isa = PBXGroup;
			children = (
				289233A40DB2D0840083E9F9 /* MainView.h */,
				289233A50DB2D0840083E9F9 /* MainView.m */,
				289233A80DB2D0DB0083E9F9 /* MainViewController.h */,
				289233A90DB2D0DB0083E9F9 /* MainViewController.m */,
			);
			name = "Main View";
			sourceTree = "<group>";
		};
		29B97314FDCFA39411CA2CEA /* CustomTemplate */ = {
			isa = PBXGroup;
			children = (
				289233A00DB2D0730083E9F9 /* Main View */,
				281C6CD70DB2D82200F60ACC /* Flipside View */,
				080E96DDFE201D6D7F000001 /* Application Delegate */,
				29B97315FDCFA39411CA2CEA /* Other Sources */,
				151DD1791143EF130078A9A7 /* flite */,
				29B97317FDCFA39411CA2CEA /* Resources */,
				29B97323FDCFA39411CA2CEA /* Frameworks */,
				19C28FACFE9D520D11CA2CBB /* Products */,
				151DD3CF11440CD10078A9A7 /* AudioToolbox.framework */,
			);
			name = CustomTemplate;
			sourceTree = "<group>";
		};
		29B97315FDCFA39411CA2CEA /* Other Sources */ = {
			isa = PBXGroup;
			children = (
				32CA4F630368D1EE00C91783 /* iFlite_Prefix.pch */,
				29B97316FDCFA39411CA2CEA /* main.m */,
			);
			name = "Other Sources";
			sourceTree = "<group>";
		};
		29B97317FDCFA39411CA2CEA /* Resources */ = {
			isa = PBXGroup;
			children = (
				280E754A0DD40C5E005A515E /* FlipsideView.xib */,
				280E754B0DD40C5E005A515E /* MainView.xib */,
				280E754C0DD40C5E005A515E /* MainWindow.xib */,
				8D1107310486CEB800E47090 /* iFlite-Info.plist */,
			);
			name = Resources;
			sourceTree = "<group>";
		};
		29B97323FDCFA39411CA2CEA /* Frameworks */ = {
			isa = PBXGroup;
			children = (
				1DF5F4DF0D08C38300B7A737 /* UIKit.framework */,
				1D30AB110D05D00D00671497 /* Foundation.framework */,
				288765580DF743DE002DB57D /* CoreGraphics.framework */,
			);
			name = Frameworks;
			sourceTree = "<group>";
		};
/* End PBXGroup section */

/* Begin PBXNativeTarget section */
		1D6058900D05DD3D006BFB54 /* iFlite */ = {
			isa = PBXNativeTarget;
			buildConfigurationList = 1D6058960D05DD3E006BFB54 /* Build configuration list for PBXNativeTarget "iFlite" */;
			buildPhases = (
				1D60588D0D05DD3D006BFB54 /* Resources */,
				1D60588E0D05DD3D006BFB54 /* Sources */,
				1D60588F0D05DD3D006BFB54 /* Frameworks */,
			);
			buildRules = (
			);
			dependencies = (
			);
			name = iFlite;
			productName = iFlite;
			productReference = 1D6058910D05DD3D006BFB54 /* iFlite.app */;
			productType = "com.apple.product-type.application";
		};
/* End PBXNativeTarget section */

/* Begin PBXProject section */
		29B97313FDCFA39411CA2CEA /* Project object */ = {
			isa = PBXProject;
			buildConfigurationList = C01FCF4E08A954540054247B /* Build configuration list for PBXProject "iFlite" */;
			compatibilityVersion = "Xcode 3.1";
			hasScannedForEncodings = 1;
			knownRegions = (
				English,
				Japanese,
				French,
				German,
				en,
			);
			mainGroup = 29B97314FDCFA39411CA2CEA /* CustomTemplate */;
			projectDirPath = "";
			projectRoot = "";
			targets = (
				1D6058900D05DD3D006BFB54 /* iFlite */,
			);
		};
/* End PBXProject section */

/* Begin PBXResourcesBuildPhase section */
		1D60588D0D05DD3D006BFB54 /* Resources */ = {
			isa = PBXResourcesBuildPhase;
			buildActionMask = 2147483647;
			files = (
				280E754D0DD40C5E005A515E /* FlipsideView.xib in Resources */,
				280E754E0DD40C5E005A515E /* MainView.xib in Resources */,
				280E754F0DD40C5E005A515E /* MainWindow.xib in Resources */,
			);
			runOnlyForDeploymentPostprocessing = 0;
		};
/* End PBXResourcesBuildPhase section */

/* Begin PBXSourcesBuildPhase section */
		1D60588E0D05DD3D006BFB54 /* Sources */ = {
			isa = PBXSourcesBuildPhase;
			buildActionMask = 2147483647;
			files = (
				1D60589B0D05DD56006BFB54 /* main.m in Sources */,
				1D3623260D0F684500981E51 /* iFliteAppDelegate.m in Sources */,
				289233A60DB2D0840083E9F9 /* FlipsideView.m in Sources */,
				289233A70DB2D0840083E9F9 /* MainView.m in Sources */,
				289233AE0DB2D0DB0083E9F9 /* MainViewController.m in Sources */,
				289233B00DB2D0DB0083E9F9 /* FlipsideViewController.m in Sources */,
				151DD1D91143EF3B0078A9A7 /* au_command.c in Sources */,
				151DD1DA1143EF3B0078A9A7 /* au_none.c in Sources */,
				151DD1DD1143EF3B0078A9A7 /* au_streaming.c in Sources */,
				151DD1E01143EF3B0078A9A7 /* auclient.c in Sources */,
				151DD1E11143EF3B0078A9A7 /* audio.c in Sources */,
				151DD1E21143EF3B0078A9A7 /* auserver.c in Sources */,
				151DD1E41143EF3B0078A9A7 /* cst_cg.c in Sources */,
				151DD1E51143EF3B0078A9A7 /* cst_mlpg.c in Sources */,
				151DD1E61143EF3B0078A9A7 /* cst_mlsa.c in Sources */,
				151DD1E71143EF3B0078A9A7 /* cst_vc.c in Sources */,
				151DD1E91143EF3B0078A9A7 /* cst_ffeature.c in Sources */,
				151DD1EA1143EF3B0078A9A7 /* cst_item.c in Sources */,
				151DD1EB1143EF3B0078A9A7 /* cst_rel_io.c in Sources */,
				151DD1EC1143EF3B0078A9A7 /* cst_relation.c in Sources */,
				151DD1ED1143EF3B0078A9A7 /* cst_utterance.c in Sources */,
				151DD1EF1143EF3B0078A9A7 /* cst_lexicon.c in Sources */,
				151DD1F01143EF3B0078A9A7 /* cst_lts.c in Sources */,
				151DD1F11143EF3B0078A9A7 /* cst_lts_rewrites.c in Sources */,
				151DD1F41143EF3B0078A9A7 /* cst_regex.c in Sources */,
				151DD1F61143EF3B0078A9A7 /* regexp.c in Sources */,
				151DD1F71143EF3B0078A9A7 /* regsub.c in Sources */,
				151DD1F81143EF3B0078A9A7 /* cst_lpcres.c in Sources */,
				151DD1F91143EF3B0078A9A7 /* cst_track.c in Sources */,
				151DD1FA1143EF3B0078A9A7 /* cst_track_io.c in Sources */,
				151DD1FB1143EF3B0078A9A7 /* cst_wave.c in Sources */,
				151DD1FC1143EF3B0078A9A7 /* cst_wave_io.c in Sources */,
				151DD1FD1143EF3B0078A9A7 /* cst_wave_utils.c in Sources */,
				151DD1FF1143EF3B0078A9A7 /* rateconv.c in Sources */,
				151DD2001143EF3B0078A9A7 /* cst_cart.c in Sources */,
				151DD2011143EF3B0078A9A7 /* cst_ss.c in Sources */,
				151DD2021143EF3B0078A9A7 /* cst_viterbi.c in Sources */,
				151DD2041143EF3B0078A9A7 /* cst_ffeatures.c in Sources */,
				151DD2051143EF3B0078A9A7 /* cst_phoneset.c in Sources */,
				151DD2061143EF3B0078A9A7 /* cst_ssml.c in Sources */,
				151DD2071143EF3B0078A9A7 /* cst_synth.c in Sources */,
				151DD2081143EF3B0078A9A7 /* cst_utt_utils.c in Sources */,
				151DD2091143EF3B0078A9A7 /* cst_voice.c in Sources */,
				151DD20A1143EF3B0078A9A7 /* flite.c in Sources */,
				151DD20C1143EF3B0078A9A7 /* cst_alloc.c in Sources */,
				151DD20D1143EF3B0078A9A7 /* cst_args.c in Sources */,
				151DD20E1143EF3B0078A9A7 /* cst_endian.c in Sources */,
				151DD20F1143EF3B0078A9A7 /* cst_error.c in Sources */,
				151DD2101143EF3B0078A9A7 /* cst_features.c in Sources */,
				151DD2121143EF3B0078A9A7 /* cst_file_stdio.c in Sources */,
				151DD2151143EF3B0078A9A7 /* cst_mmap_posix.c in Sources */,
				151DD2171143EF3B0078A9A7 /* cst_socket.c in Sources */,
				151DD2181143EF3B0078A9A7 /* cst_string.c in Sources */,
				151DD2191143EF3B0078A9A7 /* cst_tokenstream.c in Sources */,
				151DD21A1143EF3B0078A9A7 /* cst_val.c in Sources */,
				151DD21B1143EF3B0078A9A7 /* cst_val_const.c in Sources */,
				151DD21C1143EF3B0078A9A7 /* cst_val_user.c in Sources */,
				151DD21D1143EF3B0078A9A7 /* cst_wchar.c in Sources */,
				151DD21F1143EF3B0078A9A7 /* cst_clunits.c in Sources */,
				151DD2201143EF3B0078A9A7 /* cst_diphone.c in Sources */,
				151DD2211143EF3B0078A9A7 /* cst_reflpc.c in Sources */,
				151DD2221143EF3B0078A9A7 /* cst_sigpr.c in Sources */,
				151DD2231143EF3B0078A9A7 /* cst_sts.c in Sources */,
				151DD2241143EF3B0078A9A7 /* cst_units.c in Sources */,
				151DD357114407310078A9A7 /* cmu_us_kal.c in Sources */,
				151DD35A114407420078A9A7 /* cmu_lex.c in Sources */,
				151DD35C114407530078A9A7 /* usenglish.c in Sources */,
				151DD36F114407E00078A9A7 /* cmu_lts_rules.c in Sources */,
				151DD372114407FC0078A9A7 /* us_text.c in Sources */,
				151DD3751144080F0078A9A7 /* us_phoneset.c in Sources */,
				151DD376114408290078A9A7 /* us_expand.c in Sources */,
				151DD3791144083C0078A9A7 /* us_f0_model.c in Sources */,
				151DD37C114408490078A9A7 /* us_dur_stats.c in Sources */,
				151DD37F1144084E0078A9A7 /* us_int_tone_cart.c in Sources */,
				151DD380114408530078A9A7 /* us_nums_cart.c in Sources */,
				151DD383114408580078A9A7 /* us_int_accent_cart.c in Sources */,
				151DD3861144085D0078A9A7 /* us_phrasing_cart.c in Sources */,
				151DD389114408740078A9A7 /* us_ffeatures.c in Sources */,
				151DD392114408AF0078A9A7 /* cmu_lex_entries.c in Sources */,
				151DD395114408B70078A9A7 /* cmu_lts_model.c in Sources */,
				151DD398114408C00078A9A7 /* cmu_postlex.c in Sources */,
				151DD39B114408C70078A9A7 /* us_aswd.c in Sources */,
				151DD39C114408CA0078A9A7 /* us_durz_cart.c in Sources */,
				151DD39D114408CD0078A9A7 /* us_gpos.c in Sources */,
				151DD3A4114408DB0078A9A7 /* us_pos_cart.c in Sources */,
				151DD3A7114408F30078A9A7 /* us_f0lr.c in Sources */,
				151DD3AA114409070078A9A7 /* cmu_lex_data.c in Sources */,
				151DD3AD114409260078A9A7 /* cmu_us_kal_diphone.c in Sources */,
				151DD3B01144092B0078A9A7 /* cmu_us_kal_lpc.c in Sources */,
				151DD3B11144092D0078A9A7 /* cmu_us_kal_res.c in Sources */,
				151DD3B4114409380078A9A7 /* cmu_us_kal_residx.c in Sources */,
			);
			runOnlyForDeploymentPostprocessing = 0;
		};
/* End PBXSourcesBuildPhase section */

/* Begin XCBuildConfiguration section */
		1D6058940D05DD3E006BFB54 /* Debug */ = {
			isa = XCBuildConfiguration;
			buildSettings = {
				ALWAYS_SEARCH_USER_PATHS = NO;
				COPY_PHASE_STRIP = NO;
				GCC_DYNAMIC_NO_PIC = NO;
				GCC_OPTIMIZATION_LEVEL = 0;
				GCC_PRECOMPILE_PREFIX_HEADER = YES;
				GCC_PREFIX_HEADER = iFlite_Prefix.pch;
				INFOPLIST_FILE = "iFlite-Info.plist";
				PRODUCT_NAME = iFlite;
			};
			name = Debug;
		};
		1D6058950D05DD3E006BFB54 /* Release */ = {
			isa = XCBuildConfiguration;
			buildSettings = {
				ALWAYS_SEARCH_USER_PATHS = NO;
				COPY_PHASE_STRIP = YES;
				GCC_PRECOMPILE_PREFIX_HEADER = YES;
				GCC_PREFIX_HEADER = iFlite_Prefix.pch;
				INFOPLIST_FILE = "iFlite-Info.plist";
				PRODUCT_NAME = iFlite;
			};
			name = Release;
		};
		C01FCF4F08A954540054247B /* Debug */ = {
			isa = XCBuildConfiguration;
			buildSettings = {
				ARCHS = "$(ARCHS_STANDARD_32_BIT)";
				"CODE_SIGN_IDENTITY[sdk=iphoneos*]" = "iPhone Developer";
				GCC_C_LANGUAGE_STANDARD = c99;
				GCC_WARN_ABOUT_RETURN_TYPE = YES;
				GCC_WARN_UNUSED_VARIABLE = YES;
				PREBINDING = NO;
				SDKROOT = iphoneos3.1.2;
			};
			name = Debug;
		};
		C01FCF5008A954540054247B /* Release */ = {
			isa = XCBuildConfiguration;
			buildSettings = {
				ARCHS = "$(ARCHS_STANDARD_32_BIT)";
				"CODE_SIGN_IDENTITY[sdk=iphoneos*]" = "iPhone Developer";
				GCC_C_LANGUAGE_STANDARD = c99;
				GCC_WARN_ABOUT_RETURN_TYPE = YES;
				GCC_WARN_UNUSED_VARIABLE = YES;
				PREBINDING = NO;
				SDKROOT = iphoneos3.1.2;
			};
			name = Release;
		};
/* End XCBuildConfiguration section */

/* Begin XCConfigurationList section */
		1D6058960D05DD3E006BFB54 /* Build configuration list for PBXNativeTarget "iFlite" */ = {
			isa = XCConfigurationList;
			buildConfigurations = (
				1D6058940D05DD3E006BFB54 /* Debug */,
				1D6058950D05DD3E006BFB54 /* Release */,
			);
			defaultConfigurationIsVisible = 0;
			defaultConfigurationName = Release;
		};
		C01FCF4E08A954540054247B /* Build configuration list for PBXProject "iFlite" */ = {
			isa = XCConfigurationList;
			buildConfigurations = (
				C01FCF4F08A954540054247B /* Debug */,
				C01FCF5008A954540054247B /* Release */,
			);
			defaultConfigurationIsVisible = 0;
			defaultConfigurationName = Release;
		};
/* End XCConfigurationList section */
	};
	rootObject = 29B97313FDCFA39411CA2CEA /* Project object */;
}
